// !$*UTF8*$!
{
	archiveVersion = 1;
	classes = {
	};
	objectVersion = 46;
	objects = {

/* Begin PBXBuildFile section */
		930E803417247A9C00291667 /* Quartz.framework in Frameworks */ = {isa = PBXBuildFile; fileRef = 930E803217247A9C00291667 /* Quartz.framework */; };
		930E803517247A9C00291667 /* QuartzCore.framework in Frameworks */ = {isa = PBXBuildFile; fileRef = 930E803317247A9C00291667 /* QuartzCore.framework */; };
		93965903171A1EA100286CB9 /* InfoPlist.strings in Resources */ = {isa = PBXBuildFile; fileRef = 939658F9171A1EA100286CB9 /* InfoPlist.strings */; };
		93965905171A1EA100286CB9 /* JPEGDeux-Info.plist in Resources */ = {isa = PBXBuildFile; fileRef = 939658FD171A1EA100286CB9 /* JPEGDeux-Info.plist */; };
		93965906171A1EA100286CB9 /* JPEGDeuxAppDelegate.m in Sources */ = {isa = PBXBuildFile; fileRef = 93965900171A1EA100286CB9 /* JPEGDeuxAppDelegate.m */; };
		93965907171A1EA100286CB9 /* main.m in Sources */ = {isa = PBXBuildFile; fileRef = 93965901171A1EA100286CB9 /* main.m */; };
		93965909171A234400286CB9 /* CoreGraphics.framework in Frameworks */ = {isa = PBXBuildFile; fileRef = 93965908171A234400286CB9 /* CoreGraphics.framework */; };
		9396590B171A356F00286CB9 /* Cocoa.framework in Frameworks */ = {isa = PBXBuildFile; fileRef = 9396590A171A356F00286CB9 /* Cocoa.framework */; };
		9396590D171A36F200286CB9 /* DefaultTransitionChooser.m in Sources */ = {isa = PBXBuildFile; fileRef = F506D21903931DED01FD9FBC /* DefaultTransitionChooser.m */; };
		9396590F171A36F200286CB9 /* ScreenShowTransitionChooser.m in Sources */ = {isa = PBXBuildFile; fileRef = F551C7D9C5B0390101C88848 /* ScreenShowTransitionChooser.m */; };
		93A31A3C171A3B1700528ABE /* FileHierarchySupport.m in Sources */ = {isa = PBXBuildFile; fileRef = F511236902DAD47301CCB2D9 /* FileHierarchySupport.m */; };
		93A31A3D171A3B4400528ABE /* PreviewImageView.m in Sources */ = {isa = PBXBuildFile; fileRef = F5492B3C02DD82F00171CBD8 /* PreviewImageView.m */; };
		93A31A3E171A3B4400528ABE /* WindowMovingTextField.m in Sources */ = {isa = PBXBuildFile; fileRef = F5E53CF8038BA75901FD9FBC /* WindowMovingTextField.m */; };
		93A31A3F171A3B4400528ABE /* BetterTable.m in Sources */ = {isa = PBXBuildFile; fileRef = F5B329580200F14901FDC0B7 /* BetterTable.m */; };
		93A31A40171A3B4400528ABE /* MutableArrayCategory.m in Sources */ = {isa = PBXBuildFile; fileRef = F5B329670200F14901FDC0B7 /* MutableArrayCategory.m */; };
		93A31A41171A3B4400528ABE /* FixedBitmapImageRep.m in Sources */ = {isa = PBXBuildFile; fileRef = F5B3295C0200F14901FDC0B7 /* FixedBitmapImageRep.m */; };
		93A31A42171A3B4400528ABE /* StringAdditions.m in Sources */ = {isa = PBXBuildFile; fileRef = F5B3296C0200F14901FDC0B7 /* StringAdditions.m */; };
		93A31A43171A3B4400528ABE /* KeyBindingTable.m in Sources */ = {isa = PBXBuildFile; fileRef = F52D57EE02D035A401CCFEE7 /* KeyBindingTable.m */; };
		93A31A44171A3B4400528ABE /* ObjectAdditions.m in Sources */ = {isa = PBXBuildFile; fileRef = F52D57F202D0517101CCFEE7 /* ObjectAdditions.m */; };
		93A31A45171A3B4400528ABE /* DictionaryConvenience.m in Sources */ = {isa = PBXBuildFile; fileRef = F55B48B002D9A0D201BE4052 /* DictionaryConvenience.m */; };
		93A31A46171A3B4400528ABE /* MyWindowController.m in Sources */ = {isa = PBXBuildFile; fileRef = F589FE9D02EA993B014E77C5 /* MyWindowController.m */; };
		93A31A47171A3B4400528ABE /* DataAlias.m in Sources */ = {isa = PBXBuildFile; fileRef = F5F05AF7038F84FE01FD9FBC /* DataAlias.m */; };
		93A31A4A171A3CA800528ABE /* MoreFilesX.c in Sources */ = {isa = PBXBuildFile; fileRef = 93A31A48171A3C9B00528ABE /* MoreFilesX.c */; };
		93A31A4F171A3E1F00528ABE /* Scaling.m in Sources */ = {isa = PBXBuildFile; fileRef = 93A31A4E171A3E1F00528ABE /* Scaling.m */; };
		93A31A64171A40A400528ABE /* DefaultTransitionView.nib in Resources */ = {isa = PBXBuildFile; fileRef = 93A31A56171A40A400528ABE /* DefaultTransitionView.nib */; };
		93A31A65171A40A400528ABE /* ImageWindow.nib in Resources */ = {isa = PBXBuildFile; fileRef = 93A31A58171A40A400528ABE /* ImageWindow.nib */; };
		93A31A66171A40A400528ABE /* InfoPlist.strings in Resources */ = {isa = PBXBuildFile; fileRef = 93A31A5A171A40A400528ABE /* InfoPlist.strings */; };
		93A31A67171A40A400528ABE /* InternetImages.nib in Resources */ = {isa = PBXBuildFile; fileRef = 93A31A5C171A40A400528ABE /* InternetImages.nib */; };
		93A31A68171A40A400528ABE /* MainMenu.nib in Resources */ = {isa = PBXBuildFile; fileRef = 93A31A5E171A40A400528ABE /* MainMenu.nib */; };
		93A31A69171A40A400528ABE /* Preload.nib in Resources */ = {isa = PBXBuildFile; fileRef = 93A31A60171A40A400528ABE /* Preload.nib */; };
		93A31A6A171A40A400528ABE /* ScreenShowTransitionView.nib in Resources */ = {isa = PBXBuildFile; fileRef = 93A31A62171A40A400528ABE /* ScreenShowTransitionView.nib */; };
		93E45F2914638C2A00C5C55B /* trash.aiff in Resources */ = {isa = PBXBuildFile; fileRef = F56A1BE40200B2A801FDC0B7 /* trash.aiff */; };
		93E45F2A14638C2A00C5C55B /* Credits.rtf in Resources */ = {isa = PBXBuildFile; fileRef = F5ECB42E014737C601000001 /* Credits.rtf */; };
		93E45F2B14638C2A00C5C55B /* license.txt in Resources */ = {isa = PBXBuildFile; fileRef = F5B329870200F21501FDC0B7 /* license.txt */; };
		93E45F2C14638C2A00C5C55B /* JPEGdeux.icns in Resources */ = {isa = PBXBuildFile; fileRef = F507012A014FF09701000001 /* JPEGdeux.icns */; };
		93E45F2D14638C2A00C5C55B /* JPEGDeuxDocument.icns in Resources */ = {isa = PBXBuildFile; fileRef = F544332B02DAAF3A0109239F /* JPEGDeuxDocument.icns */; };
		93E45F3614638CE400C5C55B /* Master.m in Sources */ = {isa = PBXBuildFile; fileRef = F5B3295E0200F14901FDC0B7 /* Master.m */; };
		93E45F3814638CE400C5C55B /* MasterEventAction.m in Sources */ = {isa = PBXBuildFile; fileRef = F53E929402EA3AE901549C9E /* MasterEventAction.m */; };
		93E45F3A14638CE400C5C55B /* MasterOutlineStuff.m in Sources */ = {isa = PBXBuildFile; fileRef = F512116D02DBECC4012CC1D9 /* MasterOutlineStuff.m */; };
		93E45F3C14638CE400C5C55B /* PrefsManager.m in Sources */ = {isa = PBXBuildFile; fileRef = F52D57E602CFCC5401CCFEE7 /* PrefsManager.m */; };
		93E45F3E14638CF100C5C55B /* SlideShow.m in Sources */ = {isa = PBXBuildFile; fileRef = F5B329620200F14901FDC0B7 /* SlideShow.m */; };
		93E45F4014638CF100C5C55B /* DockShow.m in Sources */ = {isa = PBXBuildFile; fileRef = F5B3295A0200F14901FDC0B7 /* DockShow.m */; };
		93E45F4214638CF100C5C55B /* ScreenShow.m in Sources */ = {isa = PBXBuildFile; fileRef = F5B329600200F14901FDC0B7 /* ScreenShow.m */; };
		93E45F4414638CF100C5C55B /* TransitionScreenShow.m in Sources */ = {isa = PBXBuildFile; fileRef = F5E53D07038C40E601FD9FBC /* TransitionScreenShow.m */; };
		93E45F4614638CF100C5C55B /* WindowShow.m in Sources */ = {isa = PBXBuildFile; fileRef = F5B329640200F14901FDC0B7 /* WindowShow.m */; };
		93E45F4814638CF100C5C55B /* DirectDisplayShow.m in Sources */ = {isa = PBXBuildFile; fileRef = F55040910202B74701FDC0B7 /* DirectDisplayShow.m */; };
		93E45F5014638CF100C5C55B /* ImageWindowController.m in Sources */ = {isa = PBXBuildFile; fileRef = F5F05AEB038F5A5501FD9FBC /* ImageWindowController.m */; };
		93E45F5214638CF100C5C55B /* BackgroundImageView.m in Sources */ = {isa = PBXBuildFile; fileRef = F5B329560200F14901FDC0B7 /* BackgroundImageView.m */; };
		93E45F5414638CF100C5C55B /* CommentFinder.m in Sources */ = {isa = PBXBuildFile; fileRef = F5E53AA3038B5BCE01FD9FBC /* CommentFinder.m */; };
		93E45F5614638CF100C5C55B /* NetImageAdder.m in Sources */ = {isa = PBXBuildFile; fileRef = F506C87D0392755201FD9FBC /* NetImageAdder.m */; };
		93E45F5814638CFD00C5C55B /* sorting.m in Sources */ = {isa = PBXBuildFile; fileRef = F503B36E03590DDE01168C0E /* sorting.m */; };
		93E45F5B14638CFD00C5C55B /* Procedural.m in Sources */ = {isa = PBXBuildFile; fileRef = F52FF8700202FA8201FDC0B7 /* Procedural.m */; };
		93E45F6314638D7D00C5C55B /* CoreFoundation.framework in Frameworks */ = {isa = PBXBuildFile; fileRef = F5F34E5B0145C0BD01000001 /* CoreFoundation.framework */; };
		93E45F6414638D8600C5C55B /* Carbon.framework in Frameworks */ = {isa = PBXBuildFile; fileRef = F5C4771C014870FD01000001 /* Carbon.framework */; };
		93E45F6514638D8600C5C55B /* ApplicationServices.framework in Frameworks */ = {isa = PBXBuildFile; fileRef = F5F34E5D0145C6EF01000001 /* ApplicationServices.framework */; };
		93E45F6614638D8D00C5C55B /* AppKit.framework in Frameworks */ = {isa = PBXBuildFile; fileRef = 93E45F1014638A3000C5C55B /* AppKit.framework */; };
		93E45F6814638D8D00C5C55B /* Foundation.framework in Frameworks */ = {isa = PBXBuildFile; fileRef = 93E45F1214638A3000C5C55B /* Foundation.framework */; };
/* End PBXBuildFile section */

/* Begin PBXFileReference section */
		0A052D38085C74ED0037FF42 /* Scaling.m */ = {isa = PBXFileReference; fileEncoding = 30; lastKnownFileType = sourcecode.c.objc; name = Scaling.m; path = Code/Scaling.m; sourceTree = "<group>"; };
		1058C7A1FEA54F0111CA2CBB /* Cocoa.framework */ = {isa = PBXFileReference; lastKnownFileType = wrapper.framework; name = Cocoa.framework; path = /System/Library/Frameworks/Cocoa.framework; sourceTree = "<absolute>"; };
		930E803217247A9C00291667 /* Quartz.framework */ = {isa = PBXFileReference; lastKnownFileType = wrapper.framework; name = Quartz.framework; path = Platforms/MacOSX.platform/Developer/SDKs/MacOSX10.8.sdk/System/Library/Frameworks/Quartz.framework; sourceTree = DEVELOPER_DIR; };
		930E803317247A9C00291667 /* QuartzCore.framework */ = {isa = PBXFileReference; lastKnownFileType = wrapper.framework; name = QuartzCore.framework; path = Platforms/MacOSX.platform/Developer/SDKs/MacOSX10.8.sdk/System/Library/Frameworks/QuartzCore.framework; sourceTree = DEVELOPER_DIR; };
		939658FA171A1EA100286CB9 /* en */ = {isa = PBXFileReference; lastKnownFileType = text.plist.strings; name = en; path = en.lproj/InfoPlist.strings; sourceTree = "<group>"; };
		939658FD171A1EA100286CB9 /* JPEGDeux-Info.plist */ = {isa = PBXFileReference; fileEncoding = 4; lastKnownFileType = text.plist.xml; path = "JPEGDeux-Info.plist"; sourceTree = "<group>"; };
		939658FE171A1EA100286CB9 /* JPEGDeux-Prefix.pch */ = {isa = PBXFileReference; fileEncoding = 4; lastKnownFileType = sourcecode.c.h; path = "JPEGDeux-Prefix.pch"; sourceTree = "<group>"; };
		939658FF171A1EA100286CB9 /* JPEGDeuxAppDelegate.h */ = {isa = PBXFileReference; fileEncoding = 4; lastKnownFileType = sourcecode.c.h; path = JPEGDeuxAppDelegate.h; sourceTree = "<group>"; };
		93965900171A1EA100286CB9 /* JPEGDeuxAppDelegate.m */ = {isa = PBXFileReference; fileEncoding = 4; lastKnownFileType = sourcecode.c.objc; path = JPEGDeuxAppDelegate.m; sourceTree = "<group>"; };
		93965901171A1EA100286CB9 /* main.m */ = {isa = PBXFileReference; fileEncoding = 4; lastKnownFileType = sourcecode.c.objc; path = main.m; sourceTree = "<group>"; };
		93965908171A234400286CB9 /* CoreGraphics.framework */ = {isa = PBXFileReference; lastKnownFileType = wrapper.framework; name = CoreGraphics.framework; path = Platforms/MacOSX.platform/Developer/SDKs/MacOSX10.8.sdk/System/Library/Frameworks/CoreGraphics.framework; sourceTree = DEVELOPER_DIR; };
		9396590A171A356F00286CB9 /* Cocoa.framework */ = {isa = PBXFileReference; lastKnownFileType = wrapper.framework; name = Cocoa.framework; path = Platforms/MacOSX.platform/Developer/SDKs/MacOSX10.8.sdk/System/Library/Frameworks/Cocoa.framework; sourceTree = DEVELOPER_DIR; };
		93A31A48171A3C9B00528ABE /* MoreFilesX.c */ = {isa = PBXFileReference; lastKnownFileType = sourcecode.c.c; path = MoreFilesX.c; sourceTree = "<group>"; };
		93A31A49171A3C9B00528ABE /* MoreFilesX.h */ = {isa = PBXFileReference; lastKnownFileType = sourcecode.c.h; path = MoreFilesX.h; sourceTree = "<group>"; };
		93A31A4E171A3E1F00528ABE /* Scaling.m */ = {isa = PBXFileReference; fileEncoding = 4; lastKnownFileType = sourcecode.c.objc; path = Scaling.m; sourceTree = "<group>"; };
		93A31A57171A40A400528ABE /* en */ = {isa = PBXFileReference; lastKnownFileType = wrapper.nib; name = en; path = JPEGDeux/en.lproj/DefaultTransitionView.nib; sourceTree = "<group>"; };
		93A31A59171A40A400528ABE /* en */ = {isa = PBXFileReference; lastKnownFileType = wrapper.nib; name = en; path = JPEGDeux/en.lproj/ImageWindow.nib; sourceTree = "<group>"; };
		93A31A5B171A40A400528ABE /* en */ = {isa = PBXFileReference; lastKnownFileType = text.plist.strings; name = en; path = JPEGDeux/en.lproj/InfoPlist.strings; sourceTree = "<group>"; };
		93A31A5D171A40A400528ABE /* en */ = {isa = PBXFileReference; lastKnownFileType = wrapper.nib; name = en; path = JPEGDeux/en.lproj/InternetImages.nib; sourceTree = "<group>"; };
		93A31A5F171A40A400528ABE /* en */ = {isa = PBXFileReference; lastKnownFileType = wrapper.nib; name = en; path = JPEGDeux/en.lproj/MainMenu.nib; sourceTree = "<group>"; };
		93A31A61171A40A400528ABE /* en */ = {isa = PBXFileReference; lastKnownFileType = wrapper.nib; name = en; path = JPEGDeux/en.lproj/Preload.nib; sourceTree = "<group>"; };
		93A31A63171A40A400528ABE /* en */ = {isa = PBXFileReference; lastKnownFileType = wrapper.nib; name = en; path = JPEGDeux/en.lproj/ScreenShowTransitionView.nib; sourceTree = "<group>"; };
		93E45F0C14638A3000C5C55B /* JPEGDeux.app */ = {isa = PBXFileReference; explicitFileType = wrapper.application; includeInIndex = 0; path = JPEGDeux.app; sourceTree = BUILT_PRODUCTS_DIR; };
		93E45F1014638A3000C5C55B /* AppKit.framework */ = {isa = PBXFileReference; lastKnownFileType = wrapper.framework; name = AppKit.framework; path = System/Library/Frameworks/AppKit.framework; sourceTree = SDKROOT; };
		93E45F1114638A3000C5C55B /* CoreData.framework */ = {isa = PBXFileReference; lastKnownFileType = wrapper.framework; name = CoreData.framework; path = System/Library/Frameworks/CoreData.framework; sourceTree = SDKROOT; };
		93E45F1214638A3000C5C55B /* Foundation.framework */ = {isa = PBXFileReference; lastKnownFileType = wrapper.framework; name = Foundation.framework; path = System/Library/Frameworks/Foundation.framework; sourceTree = SDKROOT; };
		F503B36D03590DDE01168C0E /* sorting.h */ = {isa = PBXFileReference; lastKnownFileType = sourcecode.c.h; path = sorting.h; sourceTree = "<group>"; };
		F503B36E03590DDE01168C0E /* sorting.m */ = {isa = PBXFileReference; lastKnownFileType = sourcecode.c.objc; path = sorting.m; sourceTree = "<group>"; };
		F506C87D0392755201FD9FBC /* NetImageAdder.m */ = {isa = PBXFileReference; lastKnownFileType = sourcecode.c.objc; name = NetImageAdder.m; path = Classes/NetImageAdder.m; sourceTree = "<group>"; };
		F506C87E0392755201FD9FBC /* NetImageAdder.h */ = {isa = PBXFileReference; lastKnownFileType = sourcecode.c.h; name = NetImageAdder.h; path = Classes/NetImageAdder.h; sourceTree = "<group>"; };
		F506D21903931DED01FD9FBC /* DefaultTransitionChooser.m */ = {isa = PBXFileReference; lastKnownFileType = sourcecode.c.objc; name = DefaultTransitionChooser.m; path = Classes/DefaultTransitionChooser.m; sourceTree = "<group>"; };
		F506D21A03931DED01FD9FBC /* DefaultTransitionChooser.h */ = {isa = PBXFileReference; lastKnownFileType = sourcecode.c.h; name = DefaultTransitionChooser.h; path = Classes/DefaultTransitionChooser.h; sourceTree = "<group>"; };
		F507012A014FF09701000001 /* JPEGdeux.icns */ = {isa = PBXFileReference; lastKnownFileType = image.icns; path = JPEGdeux.icns; sourceTree = "<group>"; };
		F511236902DAD47301CCB2D9 /* FileHierarchySupport.m */ = {isa = PBXFileReference; lastKnownFileType = sourcecode.c.objc; path = FileHierarchySupport.m; sourceTree = "<group>"; };
		F511236A02DAD47301CCB2D9 /* FileHierarchySupport.h */ = {isa = PBXFileReference; lastKnownFileType = sourcecode.c.h; path = FileHierarchySupport.h; sourceTree = "<group>"; };
		F512116D02DBECC4012CC1D9 /* MasterOutlineStuff.m */ = {isa = PBXFileReference; lastKnownFileType = sourcecode.c.objc; path = MasterOutlineStuff.m; sourceTree = "<group>"; };
		F512116E02DBECC4012CC1D9 /* MasterOutlineStuff.h */ = {isa = PBXFileReference; lastKnownFileType = sourcecode.c.h; path = MasterOutlineStuff.h; sourceTree = "<group>"; };
		F521B07202ED27D101F32A68 /* Scaling.h */ = {isa = PBXFileReference; lastKnownFileType = sourcecode.c.h; path = Scaling.h; sourceTree = "<group>"; };
		F5262E4702CECA940186C364 /* QuickTime.framework */ = {isa = PBXFileReference; lastKnownFileType = wrapper.framework; name = QuickTime.framework; path = /System/Library/Frameworks/QuickTime.framework; sourceTree = "<absolute>"; };
		F52D57E602CFCC5401CCFEE7 /* PrefsManager.m */ = {isa = PBXFileReference; lastKnownFileType = sourcecode.c.objc; path = PrefsManager.m; sourceTree = "<group>"; };
		F52D57E702CFCC5401CCFEE7 /* PrefsManager.h */ = {isa = PBXFileReference; lastKnownFileType = sourcecode.c.h; path = PrefsManager.h; sourceTree = "<group>"; };
		F52D57EE02D035A401CCFEE7 /* KeyBindingTable.m */ = {isa = PBXFileReference; lastKnownFileType = sourcecode.c.objc; path = KeyBindingTable.m; sourceTree = "<group>"; };
		F52D57EF02D035A401CCFEE7 /* KeyBindingTable.h */ = {isa = PBXFileReference; lastKnownFileType = sourcecode.c.h; path = KeyBindingTable.h; sourceTree = "<group>"; };
		F52D57F202D0517101CCFEE7 /* ObjectAdditions.m */ = {isa = PBXFileReference; lastKnownFileType = sourcecode.c.objc; path = ObjectAdditions.m; sourceTree = "<group>"; };
		F52D57F302D0517101CCFEE7 /* ObjectAdditions.h */ = {isa = PBXFileReference; lastKnownFileType = sourcecode.c.h; path = ObjectAdditions.h; sourceTree = "<group>"; };
		F52FF8700202FA8201FDC0B7 /* Procedural.m */ = {isa = PBXFileReference; lastKnownFileType = sourcecode.c.objc; path = Procedural.m; sourceTree = "<group>"; };
		F53E929402EA3AE901549C9E /* MasterEventAction.m */ = {isa = PBXFileReference; lastKnownFileType = sourcecode.c.objc; path = MasterEventAction.m; sourceTree = "<group>"; };
		F53E929502EA3AE901549C9E /* MasterEventAction.h */ = {isa = PBXFileReference; lastKnownFileType = sourcecode.c.h; path = MasterEventAction.h; sourceTree = "<group>"; };
		F544332B02DAAF3A0109239F /* JPEGDeuxDocument.icns */ = {isa = PBXFileReference; lastKnownFileType = image.icns; path = JPEGDeuxDocument.icns; sourceTree = "<group>"; };
		F5492B3C02DD82F00171CBD8 /* PreviewImageView.m */ = {isa = PBXFileReference; lastKnownFileType = sourcecode.c.objc; name = PreviewImageView.m; path = Classes/PreviewImageView.m; sourceTree = "<group>"; };
		F5492B3D02DD82F00171CBD8 /* PreviewImageView.h */ = {isa = PBXFileReference; lastKnownFileType = sourcecode.c.h; name = PreviewImageView.h; path = Classes/PreviewImageView.h; sourceTree = "<group>"; };
		F55040900202B74701FDC0B7 /* DirectDisplayShow.h */ = {isa = PBXFileReference; lastKnownFileType = sourcecode.c.h; path = DirectDisplayShow.h; sourceTree = "<group>"; };
		F55040910202B74701FDC0B7 /* DirectDisplayShow.m */ = {isa = PBXFileReference; lastKnownFileType = sourcecode.c.objc; path = DirectDisplayShow.m; sourceTree = "<group>"; };
		F551C7D8C5B0390101C88848 /* ScreenShowTransitionChooser.h */ = {isa = PBXFileReference; lastKnownFileType = sourcecode.c.h; name = ScreenShowTransitionChooser.h; path = Classes/ScreenShowTransitionChooser.h; sourceTree = "<group>"; };
		F551C7D9C5B0390101C88848 /* ScreenShowTransitionChooser.m */ = {isa = PBXFileReference; lastKnownFileType = sourcecode.c.objc; name = ScreenShowTransitionChooser.m; path = Classes/ScreenShowTransitionChooser.m; sourceTree = "<group>"; };
		F55B48B002D9A0D201BE4052 /* DictionaryConvenience.m */ = {isa = PBXFileReference; lastKnownFileType = sourcecode.c.objc; path = DictionaryConvenience.m; sourceTree = "<group>"; };
		F55B48B102D9A0D201BE4052 /* DictionaryConvenience.h */ = {isa = PBXFileReference; lastKnownFileType = sourcecode.c.h; path = DictionaryConvenience.h; sourceTree = "<group>"; };
		F56A1BE40200B2A801FDC0B7 /* trash.aiff */ = {isa = PBXFileReference; lastKnownFileType = audio.aiff; path = trash.aiff; sourceTree = "<group>"; };
		F589FE9D02EA993B014E77C5 /* MyWindowController.m */ = {isa = PBXFileReference; lastKnownFileType = sourcecode.c.objc; path = MyWindowController.m; sourceTree = "<group>"; };
		F589FE9E02EA993B014E77C5 /* MyWindowController.h */ = {isa = PBXFileReference; lastKnownFileType = sourcecode.c.h; path = MyWindowController.h; sourceTree = "<group>"; };
		F5ABD38602693CCA01FDC0B7 /* blitters.s */ = {isa = PBXFileReference; lastKnownFileType = sourcecode.asm; path = blitters.s; sourceTree = "<group>"; };
		F5ABD3910269519101FDC0B7 /* ansi2knr.c */ = {isa = PBXFileReference; lastKnownFileType = sourcecode.c.c; path = ansi2knr.c; sourceTree = "<group>"; };
		F5ABD3920269519101FDC0B7 /* cderror.h */ = {isa = PBXFileReference; lastKnownFileType = sourcecode.c.h; path = cderror.h; sourceTree = "<group>"; };
		F5ABD3930269519101FDC0B7 /* cdjpeg.c */ = {isa = PBXFileReference; lastKnownFileType = sourcecode.c.c; path = cdjpeg.c; sourceTree = "<group>"; };
		F5ABD3940269519101FDC0B7 /* cdjpeg.h */ = {isa = PBXFileReference; lastKnownFileType = sourcecode.c.h; path = cdjpeg.h; sourceTree = "<group>"; };
		F5ABD3950269519101FDC0B7 /* cjpeg.c */ = {isa = PBXFileReference; lastKnownFileType = sourcecode.c.c; path = cjpeg.c; sourceTree = "<group>"; };
		F5ABD3960269519101FDC0B7 /* ckconfig.c */ = {isa = PBXFileReference; lastKnownFileType = sourcecode.c.c; path = ckconfig.c; sourceTree = "<group>"; };
		F5ABD3970269519101FDC0B7 /* coderules.doc */ = {isa = PBXFileReference; lastKnownFileType = file; name = coderules.doc; path = Code/ijg/coderules.doc; sourceTree = "<group>"; };
		F5ABD39C0269519101FDC0B7 /* djpeg.c */ = {isa = PBXFileReference; lastKnownFileType = sourcecode.c.c; path = djpeg.c; sourceTree = "<group>"; };
		F5ABD39D0269519101FDC0B7 /* example.c */ = {isa = PBXFileReference; lastKnownFileType = sourcecode.c.c; path = example.c; sourceTree = "<group>"; };
		F5ABD3A10269519101FDC0B7 /* jcapimin.c */ = {isa = PBXFileReference; lastKnownFileType = sourcecode.c.c; path = jcapimin.c; sourceTree = "<group>"; };
		F5ABD3A20269519101FDC0B7 /* jcapistd.c */ = {isa = PBXFileReference; lastKnownFileType = sourcecode.c.c; path = jcapistd.c; sourceTree = "<group>"; };
		F5ABD3A30269519101FDC0B7 /* jccoefct.c */ = {isa = PBXFileReference; lastKnownFileType = sourcecode.c.c; path = jccoefct.c; sourceTree = "<group>"; };
		F5ABD3A40269519101FDC0B7 /* jccolor.c */ = {isa = PBXFileReference; lastKnownFileType = sourcecode.c.c; path = jccolor.c; sourceTree = "<group>"; };
		F5ABD3A50269519101FDC0B7 /* jcdctmgr.c */ = {isa = PBXFileReference; lastKnownFileType = sourcecode.c.c; path = jcdctmgr.c; sourceTree = "<group>"; };
		F5ABD3A60269519101FDC0B7 /* jchuff.c */ = {isa = PBXFileReference; lastKnownFileType = sourcecode.c.c; path = jchuff.c; sourceTree = "<group>"; };
		F5ABD3A70269519101FDC0B7 /* jchuff.h */ = {isa = PBXFileReference; lastKnownFileType = sourcecode.c.h; path = jchuff.h; sourceTree = "<group>"; };
		F5ABD3A80269519101FDC0B7 /* jcinit.c */ = {isa = PBXFileReference; lastKnownFileType = sourcecode.c.c; path = jcinit.c; sourceTree = "<group>"; };
		F5ABD3A90269519101FDC0B7 /* jcmainct.c */ = {isa = PBXFileReference; lastKnownFileType = sourcecode.c.c; path = jcmainct.c; sourceTree = "<group>"; };
		F5ABD3AA0269519101FDC0B7 /* jcmarker.c */ = {isa = PBXFileReference; lastKnownFileType = sourcecode.c.c; path = jcmarker.c; sourceTree = "<group>"; };
		F5ABD3AB0269519101FDC0B7 /* jcmaster.c */ = {isa = PBXFileReference; lastKnownFileType = sourcecode.c.c; path = jcmaster.c; sourceTree = "<group>"; };
		F5ABD3AC0269519101FDC0B7 /* jcomapi.c */ = {isa = PBXFileReference; lastKnownFileType = sourcecode.c.c; path = jcomapi.c; sourceTree = "<group>"; };
		F5ABD3B00269519101FDC0B7 /* jconfig.doc */ = {isa = PBXFileReference; lastKnownFileType = file; name = jconfig.doc; path = Code/ijg/jconfig.doc; sourceTree = "<group>"; };
		F5ABD3B10269519101FDC0B7 /* jconfig.h */ = {isa = PBXFileReference; lastKnownFileType = sourcecode.c.h; path = jconfig.h; sourceTree = "<group>"; };
		F5ABD3BA0269519101FDC0B7 /* jcparam.c */ = {isa = PBXFileReference; lastKnownFileType = sourcecode.c.c; path = jcparam.c; sourceTree = "<group>"; };
		F5ABD3BB0269519101FDC0B7 /* jcphuff.c */ = {isa = PBXFileReference; lastKnownFileType = sourcecode.c.c; path = jcphuff.c; sourceTree = "<group>"; };
		F5ABD3BC0269519101FDC0B7 /* jcprepct.c */ = {isa = PBXFileReference; lastKnownFileType = sourcecode.c.c; path = jcprepct.c; sourceTree = "<group>"; };
		F5ABD3BD0269519201FDC0B7 /* jcsample.c */ = {isa = PBXFileReference; lastKnownFileType = sourcecode.c.c; path = jcsample.c; sourceTree = "<group>"; };
		F5ABD3BE0269519201FDC0B7 /* jctrans.c */ = {isa = PBXFileReference; lastKnownFileType = sourcecode.c.c; path = jctrans.c; sourceTree = "<group>"; };
		F5ABD3BF0269519201FDC0B7 /* jdapimin.c */ = {isa = PBXFileReference; lastKnownFileType = sourcecode.c.c; path = jdapimin.c; sourceTree = "<group>"; };
		F5ABD3C00269519201FDC0B7 /* jdapistd.c */ = {isa = PBXFileReference; lastKnownFileType = sourcecode.c.c; path = jdapistd.c; sourceTree = "<group>"; };
		F5ABD3C10269519201FDC0B7 /* jdatadst.c */ = {isa = PBXFileReference; lastKnownFileType = sourcecode.c.c; path = jdatadst.c; sourceTree = "<group>"; };
		F5ABD3C20269519201FDC0B7 /* jdatasrc.c */ = {isa = PBXFileReference; lastKnownFileType = sourcecode.c.c; path = jdatasrc.c; sourceTree = "<group>"; };
		F5ABD3C30269519201FDC0B7 /* jdcoefct.c */ = {isa = PBXFileReference; lastKnownFileType = sourcecode.c.c; path = jdcoefct.c; sourceTree = "<group>"; };
		F5ABD3C40269519201FDC0B7 /* jdcolor.c */ = {isa = PBXFileReference; lastKnownFileType = sourcecode.c.c; path = jdcolor.c; sourceTree = "<group>"; };
		F5ABD3C50269519201FDC0B7 /* jdct.h */ = {isa = PBXFileReference; lastKnownFileType = sourcecode.c.h; path = jdct.h; sourceTree = "<group>"; };
		F5ABD3C60269519201FDC0B7 /* jddctmgr.c */ = {isa = PBXFileReference; lastKnownFileType = sourcecode.c.c; path = jddctmgr.c; sourceTree = "<group>"; };
		F5ABD3C70269519201FDC0B7 /* jdhuff.c */ = {isa = PBXFileReference; lastKnownFileType = sourcecode.c.c; path = jdhuff.c; sourceTree = "<group>"; };
		F5ABD3C80269519201FDC0B7 /* jdhuff.h */ = {isa = PBXFileReference; lastKnownFileType = sourcecode.c.h; path = jdhuff.h; sourceTree = "<group>"; };
		F5ABD3C90269519201FDC0B7 /* jdinput.c */ = {isa = PBXFileReference; lastKnownFileType = sourcecode.c.c; path = jdinput.c; sourceTree = "<group>"; };
		F5ABD3CA0269519201FDC0B7 /* jdmainct.c */ = {isa = PBXFileReference; lastKnownFileType = sourcecode.c.c; path = jdmainct.c; sourceTree = "<group>"; };
		F5ABD3CB0269519201FDC0B7 /* jdmarker.c */ = {isa = PBXFileReference; lastKnownFileType = sourcecode.c.c; path = jdmarker.c; sourceTree = "<group>"; };
		F5ABD3CC0269519201FDC0B7 /* jdmaster.c */ = {isa = PBXFileReference; lastKnownFileType = sourcecode.c.c; path = jdmaster.c; sourceTree = "<group>"; };
		F5ABD3CD0269519201FDC0B7 /* jdmerge.c */ = {isa = PBXFileReference; lastKnownFileType = sourcecode.c.c; path = jdmerge.c; sourceTree = "<group>"; };
		F5ABD3CE0269519201FDC0B7 /* jdphuff.c */ = {isa = PBXFileReference; lastKnownFileType = sourcecode.c.c; path = jdphuff.c; sourceTree = "<group>"; };
		F5ABD3CF0269519201FDC0B7 /* jdpostct.c */ = {isa = PBXFileReference; lastKnownFileType = sourcecode.c.c; path = jdpostct.c; sourceTree = "<group>"; };
		F5ABD3D00269519201FDC0B7 /* jdsample.c */ = {isa = PBXFileReference; lastKnownFileType = sourcecode.c.c; path = jdsample.c; sourceTree = "<group>"; };
		F5ABD3D10269519201FDC0B7 /* jdtrans.c */ = {isa = PBXFileReference; lastKnownFileType = sourcecode.c.c; path = jdtrans.c; sourceTree = "<group>"; };
		F5ABD3D20269519201FDC0B7 /* jerror.c */ = {isa = PBXFileReference; lastKnownFileType = sourcecode.c.c; path = jerror.c; sourceTree = "<group>"; };
		F5ABD3D30269519201FDC0B7 /* jerror.h */ = {isa = PBXFileReference; lastKnownFileType = sourcecode.c.h; path = jerror.h; sourceTree = "<group>"; };
		F5ABD3D40269519201FDC0B7 /* jfdctflt.c */ = {isa = PBXFileReference; lastKnownFileType = sourcecode.c.c; path = jfdctflt.c; sourceTree = "<group>"; };
		F5ABD3D50269519201FDC0B7 /* jfdctfst.c */ = {isa = PBXFileReference; lastKnownFileType = sourcecode.c.c; path = jfdctfst.c; sourceTree = "<group>"; };
		F5ABD3D60269519201FDC0B7 /* jfdctint.c */ = {isa = PBXFileReference; lastKnownFileType = sourcecode.c.c; path = jfdctint.c; sourceTree = "<group>"; };
		F5ABD3D70269519201FDC0B7 /* jidctflt.c */ = {isa = PBXFileReference; lastKnownFileType = sourcecode.c.c; path = jidctflt.c; sourceTree = "<group>"; };
		F5ABD3D80269519201FDC0B7 /* jidctfst.c */ = {isa = PBXFileReference; lastKnownFileType = sourcecode.c.c; path = jidctfst.c; sourceTree = "<group>"; };
		F5ABD3D90269519201FDC0B7 /* jidctint.c */ = {isa = PBXFileReference; lastKnownFileType = sourcecode.c.c; path = jidctint.c; sourceTree = "<group>"; };
		F5ABD3DA0269519201FDC0B7 /* jidctred.c */ = {isa = PBXFileReference; lastKnownFileType = sourcecode.c.c; path = jidctred.c; sourceTree = "<group>"; };
		F5ABD3DB0269519201FDC0B7 /* jinclude.h */ = {isa = PBXFileReference; lastKnownFileType = sourcecode.c.h; path = jinclude.h; sourceTree = "<group>"; };
		F5ABD3DC0269519201FDC0B7 /* jmemansi.c */ = {isa = PBXFileReference; lastKnownFileType = sourcecode.c.c; path = jmemansi.c; sourceTree = "<group>"; };
		F5ABD3E00269519201FDC0B7 /* jmemmgr.c */ = {isa = PBXFileReference; lastKnownFileType = sourcecode.c.c; path = jmemmgr.c; sourceTree = "<group>"; };
		F5ABD3E20269519201FDC0B7 /* jmemnobs.c */ = {isa = PBXFileReference; lastKnownFileType = sourcecode.c.c; path = jmemnobs.c; sourceTree = "<group>"; };
		F5ABD3E30269519201FDC0B7 /* jmemsys.h */ = {isa = PBXFileReference; lastKnownFileType = sourcecode.c.h; path = jmemsys.h; sourceTree = "<group>"; };
		F5ABD3E40269519201FDC0B7 /* jmorecfg.h */ = {isa = PBXFileReference; lastKnownFileType = sourcecode.c.h; path = jmorecfg.h; sourceTree = "<group>"; };
		F5ABD3E50269519201FDC0B7 /* jpegint.h */ = {isa = PBXFileReference; lastKnownFileType = sourcecode.c.h; path = jpegint.h; sourceTree = "<group>"; };
		F5ABD3E60269519201FDC0B7 /* jpeglib.h */ = {isa = PBXFileReference; lastKnownFileType = sourcecode.c.h; path = jpeglib.h; sourceTree = "<group>"; };
		F5ABD3E80269519201FDC0B7 /* jpegtran.c */ = {isa = PBXFileReference; lastKnownFileType = sourcecode.c.c; path = jpegtran.c; sourceTree = "<group>"; };
		F5ABD3E90269519201FDC0B7 /* jquant1.c */ = {isa = PBXFileReference; lastKnownFileType = sourcecode.c.c; path = jquant1.c; sourceTree = "<group>"; };
		F5ABD3EA0269519201FDC0B7 /* jquant2.c */ = {isa = PBXFileReference; lastKnownFileType = sourcecode.c.c; path = jquant2.c; sourceTree = "<group>"; };
		F5ABD3EB0269519201FDC0B7 /* jutils.c */ = {isa = PBXFileReference; lastKnownFileType = sourcecode.c.c; path = jutils.c; sourceTree = "<group>"; };
		F5ABD3EC0269519201FDC0B7 /* jversion.h */ = {isa = PBXFileReference; lastKnownFileType = sourcecode.c.h; path = jversion.h; sourceTree = "<group>"; };
		F5ABD3ED0269519201FDC0B7 /* libjpeg.doc */ = {isa = PBXFileReference; lastKnownFileType = file; name = libjpeg.doc; path = Code/ijg/libjpeg.doc; sourceTree = "<group>"; };
		F5ABD3EF0269519201FDC0B7 /* ltmain.sh */ = {isa = PBXFileReference; lastKnownFileType = text.script.sh; path = ltmain.sh; sourceTree = "<group>"; };
		F5ABD3F00269519201FDC0B7 /* makcjpeg.st */ = {isa = PBXFileReference; lastKnownFileType = file; path = makcjpeg.st; sourceTree = "<group>"; };
		F5ABD3F10269519201FDC0B7 /* makdjpeg.st */ = {isa = PBXFileReference; lastKnownFileType = file; path = makdjpeg.st; sourceTree = "<group>"; };
		F5ABD3F20269519201FDC0B7 /* makeapps.ds */ = {isa = PBXFileReference; lastKnownFileType = file; path = makeapps.ds; sourceTree = "<group>"; };
		F5ABD3F30269519201FDC0B7 /* Makefile */ = {isa = PBXFileReference; lastKnownFileType = text; path = Makefile; sourceTree = "<group>"; };
		F5ABD3F40269519201FDC0B7 /* makefile.ansi */ = {isa = PBXFileReference; lastKnownFileType = file; path = makefile.ansi; sourceTree = "<group>"; };
		F5ABD3F50269519201FDC0B7 /* makefile.bcc */ = {isa = PBXFileReference; lastKnownFileType = file; path = makefile.bcc; sourceTree = "<group>"; };
		F5ABD3F60269519201FDC0B7 /* makefile.cfg */ = {isa = PBXFileReference; lastKnownFileType = file; path = makefile.cfg; sourceTree = "<group>"; };
		F5ABD3F70269519201FDC0B7 /* makefile.dj */ = {isa = PBXFileReference; lastKnownFileType = file; path = makefile.dj; sourceTree = "<group>"; };
		F5ABD3F80269519201FDC0B7 /* makefile.manx */ = {isa = PBXFileReference; lastKnownFileType = file; path = makefile.manx; sourceTree = "<group>"; };
		F5ABD3F90269519201FDC0B7 /* makefile.mc6 */ = {isa = PBXFileReference; lastKnownFileType = file; path = makefile.mc6; sourceTree = "<group>"; };
		F5ABD3FA0269519201FDC0B7 /* makefile.mms */ = {isa = PBXFileReference; lastKnownFileType = file; path = makefile.mms; sourceTree = "<group>"; };
		F5ABD3FB0269519201FDC0B7 /* makefile.sas */ = {isa = PBXFileReference; lastKnownFileType = file; path = makefile.sas; sourceTree = "<group>"; };
		F5ABD3FC0269519201FDC0B7 /* makefile.unix */ = {isa = PBXFileReference; lastKnownFileType = file; path = makefile.unix; sourceTree = "<group>"; };
		F5ABD3FD0269519201FDC0B7 /* makefile.vc */ = {isa = PBXFileReference; lastKnownFileType = file; path = makefile.vc; sourceTree = "<group>"; };
		F5ABD3FE0269519201FDC0B7 /* makefile.vms */ = {isa = PBXFileReference; lastKnownFileType = file; path = makefile.vms; sourceTree = "<group>"; };
		F5ABD3FF0269519201FDC0B7 /* makefile.wat */ = {isa = PBXFileReference; lastKnownFileType = file; path = makefile.wat; sourceTree = "<group>"; };
		F5ABD4000269519201FDC0B7 /* makelib.ds */ = {isa = PBXFileReference; lastKnownFileType = file; path = makelib.ds; sourceTree = "<group>"; };
		F5ABD4010269519201FDC0B7 /* makeproj.mac */ = {isa = PBXFileReference; lastKnownFileType = file; path = makeproj.mac; sourceTree = "<group>"; };
		F5ABD4020269519201FDC0B7 /* makljpeg.st */ = {isa = PBXFileReference; lastKnownFileType = file; path = makljpeg.st; sourceTree = "<group>"; };
		F5ABD4030269519201FDC0B7 /* maktjpeg.st */ = {isa = PBXFileReference; lastKnownFileType = file; path = maktjpeg.st; sourceTree = "<group>"; };
		F5ABD4040269519201FDC0B7 /* makvms.opt */ = {isa = PBXFileReference; lastKnownFileType = file; path = makvms.opt; sourceTree = "<group>"; };
		F5ABD4060269519201FDC0B7 /* rdcolmap.c */ = {isa = PBXFileReference; lastKnownFileType = sourcecode.c.c; path = rdcolmap.c; sourceTree = "<group>"; };
		F5ABD4070269519201FDC0B7 /* rdgif.c */ = {isa = PBXFileReference; lastKnownFileType = sourcecode.c.c; path = rdgif.c; sourceTree = "<group>"; };
		F5ABD4090269519201FDC0B7 /* rdjpgcom.c */ = {isa = PBXFileReference; lastKnownFileType = sourcecode.c.c; path = rdjpgcom.c; sourceTree = "<group>"; };
		F5ABD40A0269519201FDC0B7 /* rdppm.c */ = {isa = PBXFileReference; lastKnownFileType = sourcecode.c.c; path = rdppm.c; sourceTree = "<group>"; };
		F5ABD40B0269519201FDC0B7 /* rdrle.c */ = {isa = PBXFileReference; lastKnownFileType = sourcecode.c.c; path = rdrle.c; sourceTree = "<group>"; };
		F5ABD40D0269519201FDC0B7 /* rdtarga.c */ = {isa = PBXFileReference; lastKnownFileType = sourcecode.c.c; path = rdtarga.c; sourceTree = "<group>"; };
		F5ABD40E0269519201FDC0B7 /* README */ = {isa = PBXFileReference; lastKnownFileType = text; name = README; path = Code/ijg/README; sourceTree = "<group>"; };
		F5ABD40F0269519201FDC0B7 /* structure.doc */ = {isa = PBXFileReference; lastKnownFileType = file; name = structure.doc; path = Code/ijg/structure.doc; sourceTree = "<group>"; };
		F5ABD4160269519201FDC0B7 /* transupp.c */ = {isa = PBXFileReference; lastKnownFileType = sourcecode.c.c; path = transupp.c; sourceTree = "<group>"; };
		F5ABD4170269519201FDC0B7 /* transupp.h */ = {isa = PBXFileReference; lastKnownFileType = sourcecode.c.h; path = transupp.h; sourceTree = "<group>"; };
		F5ABD4180269519201FDC0B7 /* usage.doc */ = {isa = PBXFileReference; lastKnownFileType = file; name = usage.doc; path = Code/ijg/usage.doc; sourceTree = "<group>"; };
		F5ABD4190269519201FDC0B7 /* wizard.doc */ = {isa = PBXFileReference; lastKnownFileType = file; name = wizard.doc; path = Code/ijg/wizard.doc; sourceTree = "<group>"; };
		F5ABD41A0269519201FDC0B7 /* wrbmp.c */ = {isa = PBXFileReference; lastKnownFileType = sourcecode.c.c; path = wrbmp.c; sourceTree = "<group>"; };
		F5ABD41B0269519201FDC0B7 /* wrgif.c */ = {isa = PBXFileReference; lastKnownFileType = sourcecode.c.c; path = wrgif.c; sourceTree = "<group>"; };
		F5ABD41D0269519201FDC0B7 /* wrjpgcom.c */ = {isa = PBXFileReference; lastKnownFileType = sourcecode.c.c; path = wrjpgcom.c; sourceTree = "<group>"; };
		F5ABD41E0269519201FDC0B7 /* wrppm.c */ = {isa = PBXFileReference; lastKnownFileType = sourcecode.c.c; path = wrppm.c; sourceTree = "<group>"; };
		F5ABD41F0269519201FDC0B7 /* wrrle.c */ = {isa = PBXFileReference; lastKnownFileType = sourcecode.c.c; path = wrrle.c; sourceTree = "<group>"; };
		F5ABD4200269519201FDC0B7 /* wrtarga.c */ = {isa = PBXFileReference; lastKnownFileType = sourcecode.c.c; path = wrtarga.c; sourceTree = "<group>"; };
		F5B329550200F14901FDC0B7 /* BackgroundImageView.h */ = {isa = PBXFileReference; lastKnownFileType = sourcecode.c.h; name = BackgroundImageView.h; path = Classes/BackgroundImageView.h; sourceTree = "<group>"; };
		F5B329560200F14901FDC0B7 /* BackgroundImageView.m */ = {isa = PBXFileReference; lastKnownFileType = sourcecode.c.objc; name = BackgroundImageView.m; path = Classes/BackgroundImageView.m; sourceTree = "<group>"; };
		F5B329570200F14901FDC0B7 /* BetterTable.h */ = {isa = PBXFileReference; lastKnownFileType = sourcecode.c.h; name = BetterTable.h; path = Classes/BetterTable.h; sourceTree = "<group>"; };
		F5B329580200F14901FDC0B7 /* BetterTable.m */ = {isa = PBXFileReference; lastKnownFileType = sourcecode.c.objc; name = BetterTable.m; path = Classes/BetterTable.m; sourceTree = "<group>"; };
		F5B329590200F14901FDC0B7 /* DockShow.h */ = {isa = PBXFileReference; lastKnownFileType = sourcecode.c.h; path = DockShow.h; sourceTree = "<group>"; };
		F5B3295A0200F14901FDC0B7 /* DockShow.m */ = {isa = PBXFileReference; lastKnownFileType = sourcecode.c.objc; path = DockShow.m; sourceTree = "<group>"; };
		F5B3295B0200F14901FDC0B7 /* FixedBitmapImageRep.h */ = {isa = PBXFileReference; lastKnownFileType = sourcecode.c.h; name = FixedBitmapImageRep.h; path = Classes/FixedBitmapImageRep.h; sourceTree = "<group>"; };
		F5B3295C0200F14901FDC0B7 /* FixedBitmapImageRep.m */ = {isa = PBXFileReference; lastKnownFileType = sourcecode.c.objc; name = FixedBitmapImageRep.m; path = Classes/FixedBitmapImageRep.m; sourceTree = "<group>"; };
		F5B3295D0200F14901FDC0B7 /* Master.h */ = {isa = PBXFileReference; lastKnownFileType = sourcecode.c.h; path = Master.h; sourceTree = "<group>"; };
		F5B3295E0200F14901FDC0B7 /* Master.m */ = {isa = PBXFileReference; lastKnownFileType = sourcecode.c.objc; path = Master.m; sourceTree = "<group>"; };
		F5B3295F0200F14901FDC0B7 /* ScreenShow.h */ = {isa = PBXFileReference; lastKnownFileType = sourcecode.c.h; path = ScreenShow.h; sourceTree = "<group>"; };
		F5B329600200F14901FDC0B7 /* ScreenShow.m */ = {isa = PBXFileReference; lastKnownFileType = sourcecode.c.objc; path = ScreenShow.m; sourceTree = "<group>"; };
		F5B329610200F14901FDC0B7 /* SlideShow.h */ = {isa = PBXFileReference; lastKnownFileType = sourcecode.c.h; path = SlideShow.h; sourceTree = "<group>"; };
		F5B329620200F14901FDC0B7 /* SlideShow.m */ = {isa = PBXFileReference; lastKnownFileType = sourcecode.c.objc; path = SlideShow.m; sourceTree = "<group>"; };
		F5B329630200F14901FDC0B7 /* WindowShow.h */ = {isa = PBXFileReference; lastKnownFileType = sourcecode.c.h; path = WindowShow.h; sourceTree = "<group>"; };
		F5B329640200F14901FDC0B7 /* WindowShow.m */ = {isa = PBXFileReference; lastKnownFileType = sourcecode.c.objc; path = WindowShow.m; sourceTree = "<group>"; };
		F5B329660200F14901FDC0B7 /* MutableArrayCategory.h */ = {isa = PBXFileReference; lastKnownFileType = sourcecode.c.h; path = MutableArrayCategory.h; sourceTree = "<group>"; };
		F5B329670200F14901FDC0B7 /* MutableArrayCategory.m */ = {isa = PBXFileReference; lastKnownFileType = sourcecode.c.objc; path = MutableArrayCategory.m; sourceTree = "<group>"; };
		F5B329680200F14901FDC0B7 /* PetersTypes.h */ = {isa = PBXFileReference; lastKnownFileType = sourcecode.c.h; path = PetersTypes.h; sourceTree = "<group>"; };
		F5B3296A0200F14901FDC0B7 /* Procedural.h */ = {isa = PBXFileReference; lastKnownFileType = sourcecode.c.h; path = Procedural.h; sourceTree = "<group>"; };
		F5B3296B0200F14901FDC0B7 /* StringAdditions.h */ = {isa = PBXFileReference; lastKnownFileType = sourcecode.c.h; path = StringAdditions.h; sourceTree = "<group>"; };
		F5B3296C0200F14901FDC0B7 /* StringAdditions.m */ = {isa = PBXFileReference; lastKnownFileType = sourcecode.c.objc; path = StringAdditions.m; sourceTree = "<group>"; };
		F5B329870200F21501FDC0B7 /* license.txt */ = {isa = PBXFileReference; fileEncoding = 4; lastKnownFileType = text; path = license.txt; sourceTree = "<group>"; };
		F5C4771C014870FD01000001 /* Carbon.framework */ = {isa = PBXFileReference; lastKnownFileType = wrapper.framework; name = Carbon.framework; path = /System/Library/Frameworks/Carbon.framework; sourceTree = "<absolute>"; };
		F5E53AA2038B5BCE01FD9FBC /* CommentFinder.h */ = {isa = PBXFileReference; lastKnownFileType = sourcecode.c.h; path = CommentFinder.h; sourceTree = "<group>"; };
		F5E53AA3038B5BCE01FD9FBC /* CommentFinder.m */ = {isa = PBXFileReference; lastKnownFileType = sourcecode.c.objc; path = CommentFinder.m; sourceTree = "<group>"; };
		F5E53CF7038BA75901FD9FBC /* WindowMovingTextField.h */ = {isa = PBXFileReference; lastKnownFileType = sourcecode.c.h; path = WindowMovingTextField.h; sourceTree = "<group>"; };
		F5E53CF8038BA75901FD9FBC /* WindowMovingTextField.m */ = {isa = PBXFileReference; lastKnownFileType = sourcecode.c.objc; path = WindowMovingTextField.m; sourceTree = "<group>"; };
		F5E53D06038C40E601FD9FBC /* TransitionScreenShow.h */ = {isa = PBXFileReference; lastKnownFileType = sourcecode.c.h; path = TransitionScreenShow.h; sourceTree = "<group>"; };
		F5E53D07038C40E601FD9FBC /* TransitionScreenShow.m */ = {isa = PBXFileReference; lastKnownFileType = sourcecode.c.objc; path = TransitionScreenShow.m; sourceTree = "<group>"; };
		F5ECB42E014737C601000001 /* Credits.rtf */ = {isa = PBXFileReference; fileEncoding = 4; lastKnownFileType = text.rtf; path = Credits.rtf; sourceTree = "<group>"; };
		F5F05AEA038F5A5501FD9FBC /* ImageWindowController.h */ = {isa = PBXFileReference; lastKnownFileType = sourcecode.c.h; path = ImageWindowController.h; sourceTree = "<group>"; };
		F5F05AEB038F5A5501FD9FBC /* ImageWindowController.m */ = {isa = PBXFileReference; lastKnownFileType = sourcecode.c.objc; path = ImageWindowController.m; sourceTree = "<group>"; };
		F5F05AF6038F84FE01FD9FBC /* DataAlias.h */ = {isa = PBXFileReference; lastKnownFileType = sourcecode.c.h; path = DataAlias.h; sourceTree = "<group>"; };
		F5F05AF7038F84FE01FD9FBC /* DataAlias.m */ = {isa = PBXFileReference; lastKnownFileType = sourcecode.c.objc; path = DataAlias.m; sourceTree = "<group>"; };
		F5F34E5B0145C0BD01000001 /* CoreFoundation.framework */ = {isa = PBXFileReference; lastKnownFileType = wrapper.framework; name = CoreFoundation.framework; path = /System/Library/Frameworks/CoreFoundation.framework; sourceTree = "<absolute>"; };
		F5F34E5D0145C6EF01000001 /* ApplicationServices.framework */ = {isa = PBXFileReference; lastKnownFileType = wrapper.framework; name = ApplicationServices.framework; path = /System/Library/Frameworks/ApplicationServices.framework; sourceTree = "<absolute>"; };
/* End PBXFileReference section */

/* Begin PBXFrameworksBuildPhase section */
		93E45F0914638A3000C5C55B /* Frameworks */ = {
			isa = PBXFrameworksBuildPhase;
			buildActionMask = 2147483647;
			files = (
				930E803417247A9C00291667 /* Quartz.framework in Frameworks */,
				930E803517247A9C00291667 /* QuartzCore.framework in Frameworks */,
				9396590B171A356F00286CB9 /* Cocoa.framework in Frameworks */,
				93965909171A234400286CB9 /* CoreGraphics.framework in Frameworks */,
				93E45F6414638D8600C5C55B /* Carbon.framework in Frameworks */,
				93E45F6514638D8600C5C55B /* ApplicationServices.framework in Frameworks */,
				93E45F6314638D7D00C5C55B /* CoreFoundation.framework in Frameworks */,
				93E45F6614638D8D00C5C55B /* AppKit.framework in Frameworks */,
				93E45F6814638D8D00C5C55B /* Foundation.framework in Frameworks */,
			);
			runOnlyForDeploymentPostprocessing = 0;
		};
/* End PBXFrameworksBuildPhase section */

/* Begin PBXGroup section */
		19C28FACFE9D520D11CA2CBB /* Products */ = {
			isa = PBXGroup;
			children = (
				93E45F0C14638A3000C5C55B /* JPEGDeux.app */,
			);
			name = Products;
			sourceTree = "<group>";
		};
		29B97314FDCFA39411CA2CEA /* JPEGShow */ = {
			isa = PBXGroup;
			children = (
				930E803217247A9C00291667 /* Quartz.framework */,
				930E803317247A9C00291667 /* QuartzCore.framework */,
				9396590A171A356F00286CB9 /* Cocoa.framework */,
				93965908171A234400286CB9 /* CoreGraphics.framework */,
				939658F6171A1EA100286CB9 /* JPEGDeux */,
				0A052D38085C74ED0037FF42 /* Scaling.m */,
				F5B329510200F14901FDC0B7 /* Code */,
				F52D57E502CFCBBC01CCFEE7 /* Bugs 'n Features */,
				F52D57E402CFCB9201CCFEE7 /* Other Code */,
				F5ABD38F0269519101FDC0B7 /* ijg */,
				29B97317FDCFA39411CA2CEA /* Resources */,
				29B97323FDCFA39411CA2CEA /* Frameworks */,
				19C28FACFE9D520D11CA2CBB /* Products */,
			);
			name = JPEGShow;
			sourceTree = "<group>";
		};
		29B97317FDCFA39411CA2CEA /* Resources */ = {
			isa = PBXGroup;
			children = (
				93A31A56171A40A400528ABE /* DefaultTransitionView.nib */,
				93A31A58171A40A400528ABE /* ImageWindow.nib */,
				93A31A5A171A40A400528ABE /* InfoPlist.strings */,
				93A31A5C171A40A400528ABE /* InternetImages.nib */,
				93A31A5E171A40A400528ABE /* MainMenu.nib */,
				93A31A60171A40A400528ABE /* Preload.nib */,
				93A31A62171A40A400528ABE /* ScreenShowTransitionView.nib */,
				F56A1BE40200B2A801FDC0B7 /* trash.aiff */,
				F5ECB42E014737C601000001 /* Credits.rtf */,
				F5B329870200F21501FDC0B7 /* license.txt */,
				F507012A014FF09701000001 /* JPEGdeux.icns */,
				F544332B02DAAF3A0109239F /* JPEGDeuxDocument.icns */,
			);
			name = Resources;
			sourceTree = "<group>";
		};
		29B97323FDCFA39411CA2CEA /* Frameworks */ = {
			isa = PBXGroup;
			children = (
				F5262E4702CECA940186C364 /* QuickTime.framework */,
				F5F34E5B0145C0BD01000001 /* CoreFoundation.framework */,
				1058C7A1FEA54F0111CA2CBB /* Cocoa.framework */,
				F5C4771C014870FD01000001 /* Carbon.framework */,
				F5F34E5D0145C6EF01000001 /* ApplicationServices.framework */,
				93E45F0F14638A3000C5C55B /* Other Frameworks */,
			);
			name = Frameworks;
			sourceTree = "<group>";
		};
		939658F6171A1EA100286CB9 /* JPEGDeux */ = {
			isa = PBXGroup;
			children = (
				939658F9171A1EA100286CB9 /* InfoPlist.strings */,
				939658FD171A1EA100286CB9 /* JPEGDeux-Info.plist */,
				939658FE171A1EA100286CB9 /* JPEGDeux-Prefix.pch */,
				939658FF171A1EA100286CB9 /* JPEGDeuxAppDelegate.h */,
				93965900171A1EA100286CB9 /* JPEGDeuxAppDelegate.m */,
				93965901171A1EA100286CB9 /* main.m */,
			);
			path = JPEGDeux;
			sourceTree = "<group>";
		};
		93E45F0F14638A3000C5C55B /* Other Frameworks */ = {
			isa = PBXGroup;
			children = (
				93E45F1014638A3000C5C55B /* AppKit.framework */,
				93E45F1114638A3000C5C55B /* CoreData.framework */,
				93E45F1214638A3000C5C55B /* Foundation.framework */,
			);
			name = "Other Frameworks";
			sourceTree = "<group>";
		};
		F52D57E302CFCB7301CCFEE7 /* Shows */ = {
			isa = PBXGroup;
			children = (
				F5B329610200F14901FDC0B7 /* SlideShow.h */,
				F5B329620200F14901FDC0B7 /* SlideShow.m */,
				F5B329590200F14901FDC0B7 /* DockShow.h */,
				F5B3295A0200F14901FDC0B7 /* DockShow.m */,
				F5B3295F0200F14901FDC0B7 /* ScreenShow.h */,
				F5B329600200F14901FDC0B7 /* ScreenShow.m */,
				F5E53D06038C40E601FD9FBC /* TransitionScreenShow.h */,
				F5E53D07038C40E601FD9FBC /* TransitionScreenShow.m */,
				F5B329630200F14901FDC0B7 /* WindowShow.h */,
				F5B329640200F14901FDC0B7 /* WindowShow.m */,
				F55040900202B74701FDC0B7 /* DirectDisplayShow.h */,
				F55040910202B74701FDC0B7 /* DirectDisplayShow.m */,
			);
			name = Shows;
			sourceTree = "<group>";
		};
		F52D57E402CFCB9201CCFEE7 /* Other Code */ = {
			isa = PBXGroup;
			children = (
				93A31A4E171A3E1F00528ABE /* Scaling.m */,
				F503B36D03590DDE01168C0E /* sorting.h */,
				F503B36E03590DDE01168C0E /* sorting.m */,
				F5B329680200F14901FDC0B7 /* PetersTypes.h */,
				F5B3296A0200F14901FDC0B7 /* Procedural.h */,
				F52FF8700202FA8201FDC0B7 /* Procedural.m */,
				F5ABD38602693CCA01FDC0B7 /* blitters.s */,
				F521B07202ED27D101F32A68 /* Scaling.h */,
			);
			name = "Other Code";
			path = Code;
			sourceTree = "<group>";
		};
		F52D57E502CFCBBC01CCFEE7 /* Bugs 'n Features */ = {
			isa = PBXGroup;
			children = (
				F5492B3D02DD82F00171CBD8 /* PreviewImageView.h */,
				F5492B3C02DD82F00171CBD8 /* PreviewImageView.m */,
				F5E53CF7038BA75901FD9FBC /* WindowMovingTextField.h */,
				F5E53CF8038BA75901FD9FBC /* WindowMovingTextField.m */,
				F5B329570200F14901FDC0B7 /* BetterTable.h */,
				F5B329580200F14901FDC0B7 /* BetterTable.m */,
				F5B329660200F14901FDC0B7 /* MutableArrayCategory.h */,
				F5B329670200F14901FDC0B7 /* MutableArrayCategory.m */,
				F5B3295B0200F14901FDC0B7 /* FixedBitmapImageRep.h */,
				F5B3295C0200F14901FDC0B7 /* FixedBitmapImageRep.m */,
				F5B3296B0200F14901FDC0B7 /* StringAdditions.h */,
				F5B3296C0200F14901FDC0B7 /* StringAdditions.m */,
				F52D57EF02D035A401CCFEE7 /* KeyBindingTable.h */,
				F52D57EE02D035A401CCFEE7 /* KeyBindingTable.m */,
				F52D57F302D0517101CCFEE7 /* ObjectAdditions.h */,
				F52D57F202D0517101CCFEE7 /* ObjectAdditions.m */,
				F55B48B102D9A0D201BE4052 /* DictionaryConvenience.h */,
				F55B48B002D9A0D201BE4052 /* DictionaryConvenience.m */,
				F511236A02DAD47301CCB2D9 /* FileHierarchySupport.h */,
				F511236902DAD47301CCB2D9 /* FileHierarchySupport.m */,
				F589FE9E02EA993B014E77C5 /* MyWindowController.h */,
				F589FE9D02EA993B014E77C5 /* MyWindowController.m */,
				F5F05AF6038F84FE01FD9FBC /* DataAlias.h */,
				F5F05AF7038F84FE01FD9FBC /* DataAlias.m */,
			);
			name = "Bugs 'n Features";
			path = Code;
			sourceTree = "<group>";
		};
		F551C7D7C5B0390101C88848 /* Transitions */ = {
			isa = PBXGroup;
			children = (
				F506D21A03931DED01FD9FBC /* DefaultTransitionChooser.h */,
				F506D21903931DED01FD9FBC /* DefaultTransitionChooser.m */,
				F551C7D8C5B0390101C88848 /* ScreenShowTransitionChooser.h */,
				F551C7D9C5B0390101C88848 /* ScreenShowTransitionChooser.m */,
			);
			name = Transitions;
			sourceTree = "<group>";
		};
		F5ABD38F0269519101FDC0B7 /* ijg */ = {
			isa = PBXGroup;
			children = (
				F5ABD3B10269519101FDC0B7 /* jconfig.h */,
				F5ABD3E60269519201FDC0B7 /* jpeglib.h */,
				F5ABD3A10269519101FDC0B7 /* jcapimin.c */,
				F5ABD3A20269519101FDC0B7 /* jcapistd.c */,
				F5ABD3A30269519101FDC0B7 /* jccoefct.c */,
				F5ABD3A40269519101FDC0B7 /* jccolor.c */,
				F5ABD3A50269519101FDC0B7 /* jcdctmgr.c */,
				F5ABD3A60269519101FDC0B7 /* jchuff.c */,
				F5ABD3A70269519101FDC0B7 /* jchuff.h */,
				F5ABD3A80269519101FDC0B7 /* jcinit.c */,
				F5ABD3A90269519101FDC0B7 /* jcmainct.c */,
				F5ABD3AA0269519101FDC0B7 /* jcmarker.c */,
				F5ABD3AB0269519101FDC0B7 /* jcmaster.c */,
				F5ABD3AC0269519101FDC0B7 /* jcomapi.c */,
				F5ABD3BA0269519101FDC0B7 /* jcparam.c */,
				F5ABD3BB0269519101FDC0B7 /* jcphuff.c */,
				F5ABD3BC0269519101FDC0B7 /* jcprepct.c */,
				F5ABD3BD0269519201FDC0B7 /* jcsample.c */,
				F5ABD3BE0269519201FDC0B7 /* jctrans.c */,
				F5ABD3BF0269519201FDC0B7 /* jdapimin.c */,
				F5ABD3C00269519201FDC0B7 /* jdapistd.c */,
				F5ABD3C10269519201FDC0B7 /* jdatadst.c */,
				F5ABD3C20269519201FDC0B7 /* jdatasrc.c */,
				F5ABD3C30269519201FDC0B7 /* jdcoefct.c */,
				F5ABD3C40269519201FDC0B7 /* jdcolor.c */,
				F5ABD3C50269519201FDC0B7 /* jdct.h */,
				F5ABD3C60269519201FDC0B7 /* jddctmgr.c */,
				F5ABD3C70269519201FDC0B7 /* jdhuff.c */,
				F5ABD3C80269519201FDC0B7 /* jdhuff.h */,
				F5ABD3C90269519201FDC0B7 /* jdinput.c */,
				F5ABD3CA0269519201FDC0B7 /* jdmainct.c */,
				F5ABD3CB0269519201FDC0B7 /* jdmarker.c */,
				F5ABD3CC0269519201FDC0B7 /* jdmaster.c */,
				F5ABD3CD0269519201FDC0B7 /* jdmerge.c */,
				F5ABD3CE0269519201FDC0B7 /* jdphuff.c */,
				F5ABD3CF0269519201FDC0B7 /* jdpostct.c */,
				F5ABD3D00269519201FDC0B7 /* jdsample.c */,
				F5ABD3D10269519201FDC0B7 /* jdtrans.c */,
				F5ABD3D20269519201FDC0B7 /* jerror.c */,
				F5ABD3D30269519201FDC0B7 /* jerror.h */,
				F5ABD3D40269519201FDC0B7 /* jfdctflt.c */,
				F5ABD3D50269519201FDC0B7 /* jfdctfst.c */,
				F5ABD3D60269519201FDC0B7 /* jfdctint.c */,
				F5ABD3D70269519201FDC0B7 /* jidctflt.c */,
				F5ABD3D80269519201FDC0B7 /* jidctfst.c */,
				F5ABD3D90269519201FDC0B7 /* jidctint.c */,
				F5ABD3DA0269519201FDC0B7 /* jidctred.c */,
				F5ABD3E90269519201FDC0B7 /* jquant1.c */,
				F5ABD3EA0269519201FDC0B7 /* jquant2.c */,
				F5ABD3EB0269519201FDC0B7 /* jutils.c */,
				F5ABD3E00269519201FDC0B7 /* jmemmgr.c */,
				F5ABD3DB0269519201FDC0B7 /* jinclude.h */,
				F5ABD3DC0269519201FDC0B7 /* jmemansi.c */,
				F5ABD3E20269519201FDC0B7 /* jmemnobs.c */,
				F5ABD3E30269519201FDC0B7 /* jmemsys.h */,
				F5ABD3E40269519201FDC0B7 /* jmorecfg.h */,
				F5ABD3E50269519201FDC0B7 /* jpegint.h */,
				F5ABD3EC0269519201FDC0B7 /* jversion.h */,
				F5ABD5420269578F01FDC0B7 /* Unused */,
				F5ABD4B7026952C801FDC0B7 /* Makefiles */,
				F5ABD5430269578F01FDC0B7 /* Docs */,
			);
			name = ijg;
			path = Code/ijg;
			sourceTree = "<group>";
		};
		F5ABD4B7026952C801FDC0B7 /* Makefiles */ = {
			isa = PBXGroup;
			children = (
				F5ABD3EF0269519201FDC0B7 /* ltmain.sh */,
				F5ABD3F00269519201FDC0B7 /* makcjpeg.st */,
				F5ABD3F10269519201FDC0B7 /* makdjpeg.st */,
				F5ABD3F20269519201FDC0B7 /* makeapps.ds */,
				F5ABD3F30269519201FDC0B7 /* Makefile */,
				F5ABD3F40269519201FDC0B7 /* makefile.ansi */,
				F5ABD3F50269519201FDC0B7 /* makefile.bcc */,
				F5ABD3F60269519201FDC0B7 /* makefile.cfg */,
				F5ABD3F70269519201FDC0B7 /* makefile.dj */,
				F5ABD3F80269519201FDC0B7 /* makefile.manx */,
				F5ABD3F90269519201FDC0B7 /* makefile.mc6 */,
				F5ABD3FA0269519201FDC0B7 /* makefile.mms */,
				F5ABD3FB0269519201FDC0B7 /* makefile.sas */,
				F5ABD3FC0269519201FDC0B7 /* makefile.unix */,
				F5ABD3FD0269519201FDC0B7 /* makefile.vc */,
				F5ABD3FE0269519201FDC0B7 /* makefile.vms */,
				F5ABD3FF0269519201FDC0B7 /* makefile.wat */,
				F5ABD4000269519201FDC0B7 /* makelib.ds */,
				F5ABD4010269519201FDC0B7 /* makeproj.mac */,
				F5ABD4020269519201FDC0B7 /* makljpeg.st */,
				F5ABD4030269519201FDC0B7 /* maktjpeg.st */,
				F5ABD4040269519201FDC0B7 /* makvms.opt */,
			);
			name = Makefiles;
			sourceTree = "<group>";
		};
		F5ABD5420269578F01FDC0B7 /* Unused */ = {
			isa = PBXGroup;
			children = (
				F5ABD3910269519101FDC0B7 /* ansi2knr.c */,
				F5ABD3920269519101FDC0B7 /* cderror.h */,
				F5ABD3930269519101FDC0B7 /* cdjpeg.c */,
				F5ABD3940269519101FDC0B7 /* cdjpeg.h */,
				F5ABD3950269519101FDC0B7 /* cjpeg.c */,
				F5ABD3960269519101FDC0B7 /* ckconfig.c */,
				F5ABD39C0269519101FDC0B7 /* djpeg.c */,
				F5ABD39D0269519101FDC0B7 /* example.c */,
				F5ABD3E80269519201FDC0B7 /* jpegtran.c */,
				F5ABD4060269519201FDC0B7 /* rdcolmap.c */,
				F5ABD4070269519201FDC0B7 /* rdgif.c */,
				F5ABD4090269519201FDC0B7 /* rdjpgcom.c */,
				F5ABD40A0269519201FDC0B7 /* rdppm.c */,
				F5ABD40B0269519201FDC0B7 /* rdrle.c */,
				F5ABD40D0269519201FDC0B7 /* rdtarga.c */,
				F5ABD4160269519201FDC0B7 /* transupp.c */,
				F5ABD4170269519201FDC0B7 /* transupp.h */,
				F5ABD41A0269519201FDC0B7 /* wrbmp.c */,
				F5ABD41B0269519201FDC0B7 /* wrgif.c */,
				F5ABD41D0269519201FDC0B7 /* wrjpgcom.c */,
				F5ABD41E0269519201FDC0B7 /* wrppm.c */,
				F5ABD41F0269519201FDC0B7 /* wrrle.c */,
				F5ABD4200269519201FDC0B7 /* wrtarga.c */,
			);
			name = Unused;
			sourceTree = "<group>";
		};
		F5ABD5430269578F01FDC0B7 /* Docs */ = {
			isa = PBXGroup;
			children = (
				F5ABD3970269519101FDC0B7 /* coderules.doc */,
				F5ABD3B00269519101FDC0B7 /* jconfig.doc */,
				F5ABD3ED0269519201FDC0B7 /* libjpeg.doc */,
				F5ABD40F0269519201FDC0B7 /* structure.doc */,
				F5ABD4180269519201FDC0B7 /* usage.doc */,
				F5ABD4190269519201FDC0B7 /* wizard.doc */,
				F5ABD40E0269519201FDC0B7 /* README */,
			);
			name = Docs;
			sourceTree = SOURCE_ROOT;
		};
		F5B329510200F14901FDC0B7 /* Code */ = {
			isa = PBXGroup;
			children = (
				93A31A48171A3C9B00528ABE /* MoreFilesX.c */,
				93A31A49171A3C9B00528ABE /* MoreFilesX.h */,
				F5B329530200F14901FDC0B7 /* Classes */,
				F5B329550200F14901FDC0B7 /* BackgroundImageView.h */,
				F5B329560200F14901FDC0B7 /* BackgroundImageView.m */,
				F5E53AA2038B5BCE01FD9FBC /* CommentFinder.h */,
				F5E53AA3038B5BCE01FD9FBC /* CommentFinder.m */,
				F506C87E0392755201FD9FBC /* NetImageAdder.h */,
				F506C87D0392755201FD9FBC /* NetImageAdder.m */,
				F551C7D7C5B0390101C88848 /* Transitions */,
			);
			path = Code;
			sourceTree = "<group>";
		};
		F5B329530200F14901FDC0B7 /* Classes */ = {
			isa = PBXGroup;
			children = (
				F5B3295D0200F14901FDC0B7 /* Master.h */,
				F5B3295E0200F14901FDC0B7 /* Master.m */,
				F53E929502EA3AE901549C9E /* MasterEventAction.h */,
				F53E929402EA3AE901549C9E /* MasterEventAction.m */,
				F512116E02DBECC4012CC1D9 /* MasterOutlineStuff.h */,
				F512116D02DBECC4012CC1D9 /* MasterOutlineStuff.m */,
				F52D57E702CFCC5401CCFEE7 /* PrefsManager.h */,
				F52D57E602CFCC5401CCFEE7 /* PrefsManager.m */,
				F52D57E302CFCB7301CCFEE7 /* Shows */,
				F5F05AEA038F5A5501FD9FBC /* ImageWindowController.h */,
				F5F05AEB038F5A5501FD9FBC /* ImageWindowController.m */,
			);
			path = Classes;
			sourceTree = "<group>";
		};
/* End PBXGroup section */

/* Begin PBXNativeTarget section */
		93E45F0B14638A3000C5C55B /* JPEGDeux */ = {
			isa = PBXNativeTarget;
			buildConfigurationList = 93E45F2514638A3000C5C55B /* Build configuration list for PBXNativeTarget "JPEGDeux" */;
			buildPhases = (
				93E45F0814638A3000C5C55B /* Sources */,
				93E45F0914638A3000C5C55B /* Frameworks */,
				93E45F0A14638A3000C5C55B /* Resources */,
			);
			buildRules = (
			);
			dependencies = (
			);
			name = JPEGDeux;
			productName = JPEGTrois;
			productReference = 93E45F0C14638A3000C5C55B /* JPEGDeux.app */;
			productType = "com.apple.product-type.application";
		};
/* End PBXNativeTarget section */

/* Begin PBXProject section */
		29B97313FDCFA39411CA2CEA /* Project object */ = {
			isa = PBXProject;
			attributes = {
				LastUpgradeCheck = 0410;
			};
			buildConfigurationList = 0A052D32085C74660037FF42 /* Build configuration list for PBXProject "JPEGDeux" */;
			compatibilityVersion = "Xcode 3.2";
			developmentRegion = English;
			hasScannedForEncodings = 0;
			knownRegions = (
				en,
			);
			mainGroup = 29B97314FDCFA39411CA2CEA /* JPEGShow */;
			projectDirPath = "";
			projectRoot = "";
			targets = (
				93E45F0B14638A3000C5C55B /* JPEGDeux */,
			);
		};
/* End PBXProject section */

/* Begin PBXResourcesBuildPhase section */
		93E45F0A14638A3000C5C55B /* Resources */ = {
			isa = PBXResourcesBuildPhase;
			buildActionMask = 2147483647;
			files = (
				93E45F2914638C2A00C5C55B /* trash.aiff in Resources */,
				93E45F2A14638C2A00C5C55B /* Credits.rtf in Resources */,
				93E45F2B14638C2A00C5C55B /* license.txt in Resources */,
				93E45F2C14638C2A00C5C55B /* JPEGdeux.icns in Resources */,
				93E45F2D14638C2A00C5C55B /* JPEGDeuxDocument.icns in Resources */,
				93965903171A1EA100286CB9 /* InfoPlist.strings in Resources */,
				93965905171A1EA100286CB9 /* JPEGDeux-Info.plist in Resources */,
				93A31A64171A40A400528ABE /* DefaultTransitionView.nib in Resources */,
				93A31A65171A40A400528ABE /* ImageWindow.nib in Resources */,
				93A31A66171A40A400528ABE /* InfoPlist.strings in Resources */,
				93A31A67171A40A400528ABE /* InternetImages.nib in Resources */,
				93A31A68171A40A400528ABE /* MainMenu.nib in Resources */,
				93A31A69171A40A400528ABE /* Preload.nib in Resources */,
				93A31A6A171A40A400528ABE /* ScreenShowTransitionView.nib in Resources */,
			);
			runOnlyForDeploymentPostprocessing = 0;
		};
/* End PBXResourcesBuildPhase section */

/* Begin PBXSourcesBuildPhase section */
		93E45F0814638A3000C5C55B /* Sources */ = {
			isa = PBXSourcesBuildPhase;
			buildActionMask = 2147483647;
			files = (
				93A31A4A171A3CA800528ABE /* MoreFilesX.c in Sources */,
				93A31A3D171A3B4400528ABE /* PreviewImageView.m in Sources */,
				93A31A3E171A3B4400528ABE /* WindowMovingTextField.m in Sources */,
				93A31A3F171A3B4400528ABE /* BetterTable.m in Sources */,
				93A31A40171A3B4400528ABE /* MutableArrayCategory.m in Sources */,
				93A31A41171A3B4400528ABE /* FixedBitmapImageRep.m in Sources */,
				93A31A42171A3B4400528ABE /* StringAdditions.m in Sources */,
				93A31A43171A3B4400528ABE /* KeyBindingTable.m in Sources */,
				93A31A44171A3B4400528ABE /* ObjectAdditions.m in Sources */,
				93A31A45171A3B4400528ABE /* DictionaryConvenience.m in Sources */,
				93A31A46171A3B4400528ABE /* MyWindowController.m in Sources */,
				93A31A47171A3B4400528ABE /* DataAlias.m in Sources */,
				93A31A3C171A3B1700528ABE /* FileHierarchySupport.m in Sources */,
				9396590D171A36F200286CB9 /* DefaultTransitionChooser.m in Sources */,
				9396590F171A36F200286CB9 /* ScreenShowTransitionChooser.m in Sources */,
				93E45F5814638CFD00C5C55B /* sorting.m in Sources */,
				93E45F5B14638CFD00C5C55B /* Procedural.m in Sources */,
				93E45F3E14638CF100C5C55B /* SlideShow.m in Sources */,
				93E45F4014638CF100C5C55B /* DockShow.m in Sources */,
				93E45F4214638CF100C5C55B /* ScreenShow.m in Sources */,
				93E45F4414638CF100C5C55B /* TransitionScreenShow.m in Sources */,
				93E45F4614638CF100C5C55B /* WindowShow.m in Sources */,
				93E45F4814638CF100C5C55B /* DirectDisplayShow.m in Sources */,
				93E45F5014638CF100C5C55B /* ImageWindowController.m in Sources */,
				93E45F5214638CF100C5C55B /* BackgroundImageView.m in Sources */,
				93E45F5414638CF100C5C55B /* CommentFinder.m in Sources */,
				93E45F5614638CF100C5C55B /* NetImageAdder.m in Sources */,
				93E45F3614638CE400C5C55B /* Master.m in Sources */,
				93E45F3814638CE400C5C55B /* MasterEventAction.m in Sources */,
				93E45F3A14638CE400C5C55B /* MasterOutlineStuff.m in Sources */,
				93E45F3C14638CE400C5C55B /* PrefsManager.m in Sources */,
				93965906171A1EA100286CB9 /* JPEGDeuxAppDelegate.m in Sources */,
				93965907171A1EA100286CB9 /* main.m in Sources */,
				93A31A4F171A3E1F00528ABE /* Scaling.m in Sources */,
			);
			runOnlyForDeploymentPostprocessing = 0;
		};
/* End PBXSourcesBuildPhase section */

/* Begin PBXVariantGroup section */
		939658F9171A1EA100286CB9 /* InfoPlist.strings */ = {
			isa = PBXVariantGroup;
			children = (
				939658FA171A1EA100286CB9 /* en */,
			);
			name = InfoPlist.strings;
			sourceTree = "<group>";
		};
		93A31A56171A40A400528ABE /* DefaultTransitionView.nib */ = {
			isa = PBXVariantGroup;
			children = (
				93A31A57171A40A400528ABE /* en */,
			);
			name = DefaultTransitionView.nib;
			sourceTree = "<group>";
		};
		93A31A58171A40A400528ABE /* ImageWindow.nib */ = {
			isa = PBXVariantGroup;
			children = (
				93A31A59171A40A400528ABE /* en */,
			);
			name = ImageWindow.nib;
			sourceTree = "<group>";
		};
		93A31A5A171A40A400528ABE /* InfoPlist.strings */ = {
			isa = PBXVariantGroup;
			children = (
				93A31A5B171A40A400528ABE /* en */,
			);
			name = InfoPlist.strings;
			sourceTree = "<group>";
		};
		93A31A5C171A40A400528ABE /* InternetImages.nib */ = {
			isa = PBXVariantGroup;
			children = (
				93A31A5D171A40A400528ABE /* en */,
			);
			name = InternetImages.nib;
			sourceTree = "<group>";
		};
		93A31A5E171A40A400528ABE /* MainMenu.nib */ = {
			isa = PBXVariantGroup;
			children = (
				93A31A5F171A40A400528ABE /* en */,
			);
			name = MainMenu.nib;
			sourceTree = "<group>";
		};
		93A31A60171A40A400528ABE /* Preload.nib */ = {
			isa = PBXVariantGroup;
			children = (
				93A31A61171A40A400528ABE /* en */,
			);
			name = Preload.nib;
			sourceTree = "<group>";
		};
		93A31A62171A40A400528ABE /* ScreenShowTransitionView.nib */ = {
			isa = PBXVariantGroup;
			children = (
				93A31A63171A40A400528ABE /* en */,
			);
			name = ScreenShowTransitionView.nib;
			sourceTree = "<group>";
		};
/* End PBXVariantGroup section */

/* Begin XCBuildConfiguration section */
		0A052D33085C74660037FF42 /* Development */ = {
			isa = XCBuildConfiguration;
			buildSettings = {
				ARCHS = "$(ARCHS_STANDARD_32_64_BIT)";
			};
			name = Development;
		};
		0A052D34085C74660037FF42 /* Deployment */ = {
			isa = XCBuildConfiguration;
			buildSettings = {
				ARCHS = "$(ARCHS_STANDARD_32_64_BIT)";
			};
			name = Deployment;
		};
		0A052D35085C74660037FF42 /* Default */ = {
			isa = XCBuildConfiguration;
			buildSettings = {
				ARCHS = "$(ARCHS_STANDARD_32_64_BIT)";
			};
			name = Default;
		};
		93E45F2614638A3000C5C55B /* Development */ = {
			isa = XCBuildConfiguration;
			buildSettings = {
				ALWAYS_SEARCH_USER_PATHS = NO;
				ARCHS = "$(ARCHS_STANDARD_32_64_BIT)";
				COPY_PHASE_STRIP = NO;
				GCC_C_LANGUAGE_STANDARD = gnu99;
				GCC_DYNAMIC_NO_PIC = NO;
				GCC_ENABLE_OBJC_EXCEPTIONS = YES;
				GCC_OPTIMIZATION_LEVEL = 0;
				GCC_PRECOMPILE_PREFIX_HEADER = YES;
				GCC_PREFIX_HEADER = "JPEGDeux/JPEGDeux-Prefix.pch";
				GCC_PREPROCESSOR_DEFINITIONS = (
					"DEBUG=1",
					"$(inherited)",
				);
				GCC_SYMBOLS_PRIVATE_EXTERN = NO;
				GCC_VERSION = com.apple.compilers.llvm.clang.1_0;
				GCC_WARN_64_TO_32_BIT_CONVERSION = YES;
				GCC_WARN_ABOUT_MISSING_PROTOTYPES = YES;
				GCC_WARN_ABOUT_RETURN_TYPE = YES;
				GCC_WARN_UNUSED_VARIABLE = YES;
				INFOPLIST_FILE = "JPEGDeux/JPEGDeux-Info.plist";
				MACOSX_DEPLOYMENT_TARGET = 10.8;
				ONLY_ACTIVE_ARCH = YES;
				PRODUCT_NAME = "$(TARGET_NAME)";
				SDKROOT = macosx;
				WRAPPER_EXTENSION = app;
			};
			name = Development;
		};
		93E45F2714638A3000C5C55B /* Deployment */ = {
			isa = XCBuildConfiguration;
			buildSettings = {
				ALWAYS_SEARCH_USER_PATHS = NO;
				ARCHS = "$(ARCHS_STANDARD_32_64_BIT)";
				COPY_PHASE_STRIP = YES;
				DEBUG_INFORMATION_FORMAT = "dwarf-with-dsym";
				GCC_C_LANGUAGE_STANDARD = gnu99;
				GCC_ENABLE_OBJC_EXCEPTIONS = YES;
				GCC_PRECOMPILE_PREFIX_HEADER = YES;
				GCC_PREFIX_HEADER = "JPEGDeux/JPEGDeux-Prefix.pch";
				GCC_VERSION = com.apple.compilers.llvm.clang.1_0;
				GCC_WARN_64_TO_32_BIT_CONVERSION = YES;
				GCC_WARN_ABOUT_MISSING_PROTOTYPES = YES;
				GCC_WARN_ABOUT_RETURN_TYPE = YES;
				GCC_WARN_UNUSED_VARIABLE = YES;
				INFOPLIST_FILE = "JPEGDeux/JPEGDeux-Info.plist";
				MACOSX_DEPLOYMENT_TARGET = 10.8;
				PRODUCT_NAME = "$(TARGET_NAME)";
				SDKROOT = macosx;
				WRAPPER_EXTENSION = app;
			};
			name = Deployment;
		};
		93E45F2814638A3000C5C55B /* Default */ = {
			isa = XCBuildConfiguration;
			buildSettings = {
				ALWAYS_SEARCH_USER_PATHS = NO;
				ARCHS = "$(ARCHS_STANDARD_32_64_BIT)";
				COPY_PHASE_STRIP = YES;
				DEBUG_INFORMATION_FORMAT = "dwarf-with-dsym";
				GCC_C_LANGUAGE_STANDARD = gnu99;
				GCC_ENABLE_OBJC_EXCEPTIONS = YES;
				GCC_PRECOMPILE_PREFIX_HEADER = YES;
				GCC_PREFIX_HEADER = "JPEGDeux/JPEGDeux-Prefix.pch";
				GCC_VERSION = com.apple.compilers.llvm.clang.1_0;
				GCC_WARN_64_TO_32_BIT_CONVERSION = YES;
				GCC_WARN_ABOUT_MISSING_PROTOTYPES = YES;
				GCC_WARN_ABOUT_RETURN_TYPE = YES;
				GCC_WARN_UNUSED_VARIABLE = YES;
				INFOPLIST_FILE = "JPEGDeux/JPEGDeux-Info.plist";
				MACOSX_DEPLOYMENT_TARGET = 10.8;
				PRODUCT_NAME = "$(TARGET_NAME)";
				SDKROOT = macosx;
				WRAPPER_EXTENSION = app;
			};
			name = Default;
		};
/* End XCBuildConfiguration section */

/* Begin XCConfigurationList section */
		0A052D32085C74660037FF42 /* Build configuration list for PBXProject "JPEGDeux" */ = {
			isa = XCConfigurationList;
			buildConfigurations = (
				0A052D33085C74660037FF42 /* Development */,
				0A052D34085C74660037FF42 /* Deployment */,
				0A052D35085C74660037FF42 /* Default */,
			);
			defaultConfigurationIsVisible = 0;
			defaultConfigurationName = Default;
		};
		93E45F2514638A3000C5C55B /* Build configuration list for PBXNativeTarget "JPEGDeux" */ = {
			isa = XCConfigurationList;
			buildConfigurations = (
				93E45F2614638A3000C5C55B /* Development */,
				93E45F2714638A3000C5C55B /* Deployment */,
				93E45F2814638A3000C5C55B /* Default */,
			);
			defaultConfigurationIsVisible = 0;
			defaultConfigurationName = Default;
		};
/* End XCConfigurationList section */
	};
	rootObject = 29B97313FDCFA39411CA2CEA /* Project object */;
}
