// !$*UTF8*$!
{
	archiveVersion = 1;
	classes = {
	};
	objectVersion = 46;
	objects = {

/* Begin PBXBuildFile section */
		930E803417247A9C00291667 /* Quartz.framework in Frameworks */ = {isa = PBXBuildFile; fileRef = 930E803217247A9C00291667 /* Quartz.framework */; };
		930E803517247A9C00291667 /* QuartzCore.framework in Frameworks */ = {isa = PBXBuildFile; fileRef = 930E803317247A9C00291667 /* QuartzCore.framework */; settings = {ATTRIBUTES = (Required, ); }; };
		93965903171A1EA100286CB9 /* InfoPlist.strings in Resources */ = {isa = PBXBuildFile; fileRef = 939658F9171A1EA100286CB9 /* InfoPlist.strings */; };
		93965906171A1EA100286CB9 /* JPEGDeuxAppDelegate.m in Sources */ = {isa = PBXBuildFile; fileRef = 93965900171A1EA100286CB9 /* JPEGDeuxAppDelegate.m */; };
		93965907171A1EA100286CB9 /* main.m in Sources */ = {isa = PBXBuildFile; fileRef = 93965901171A1EA100286CB9 /* main.m */; };
		9396590B171A356F00286CB9 /* Cocoa.framework in Frameworks */ = {isa = PBXBuildFile; fileRef = 9396590A171A356F00286CB9 /* Cocoa.framework */; };
		9396590D171A36F200286CB9 /* DefaultTransitionChooser.m in Sources */ = {isa = PBXBuildFile; fileRef = F506D21903931DED01FD9FBC /* DefaultTransitionChooser.m */; };
		9396590F171A36F200286CB9 /* ScreenShowTransitionChooser.m in Sources */ = {isa = PBXBuildFile; fileRef = F551C7D9C5B0390101C88848 /* ScreenShowTransitionChooser.m */; };
		93A273661DF77D83000319F3 /* JPEGDeuxTests.swift in Sources */ = {isa = PBXBuildFile; fileRef = 93A273651DF77D83000319F3 /* JPEGDeuxTests.swift */; };
		93A273711DF78A26000319F3 /* BackgroundImageViewTests.swift in Sources */ = {isa = PBXBuildFile; fileRef = 93A273701DF78A26000319F3 /* BackgroundImageViewTests.swift */; };
		93A31A3C171A3B1700528ABE /* FileHierarchySupport.m in Sources */ = {isa = PBXBuildFile; fileRef = F511236902DAD47301CCB2D9 /* FileHierarchySupport.m */; };
		93A31A3D171A3B4400528ABE /* PreviewImageView.m in Sources */ = {isa = PBXBuildFile; fileRef = F5492B3C02DD82F00171CBD8 /* PreviewImageView.m */; };
		93A31A3E171A3B4400528ABE /* WindowMovingTextField.m in Sources */ = {isa = PBXBuildFile; fileRef = F5E53CF8038BA75901FD9FBC /* WindowMovingTextField.m */; };
		93A31A3F171A3B4400528ABE /* BetterTable.m in Sources */ = {isa = PBXBuildFile; fileRef = F5B329580200F14901FDC0B7 /* BetterTable.m */; };
		93A31A40171A3B4400528ABE /* MutableArrayCategory.m in Sources */ = {isa = PBXBuildFile; fileRef = F5B329670200F14901FDC0B7 /* MutableArrayCategory.m */; };
		93A31A41171A3B4400528ABE /* FixedBitmapImageRep.m in Sources */ = {isa = PBXBuildFile; fileRef = F5B3295C0200F14901FDC0B7 /* FixedBitmapImageRep.m */; };
		93A31A42171A3B4400528ABE /* StringAdditions.m in Sources */ = {isa = PBXBuildFile; fileRef = F5B3296C0200F14901FDC0B7 /* StringAdditions.m */; };
		93A31A43171A3B4400528ABE /* KeyBindingTable.m in Sources */ = {isa = PBXBuildFile; fileRef = F52D57EE02D035A401CCFEE7 /* KeyBindingTable.m */; };
		93A31A44171A3B4400528ABE /* ObjectAdditions.m in Sources */ = {isa = PBXBuildFile; fileRef = F52D57F202D0517101CCFEE7 /* ObjectAdditions.m */; };
		93A31A45171A3B4400528ABE /* DictionaryConvenience.m in Sources */ = {isa = PBXBuildFile; fileRef = F55B48B002D9A0D201BE4052 /* DictionaryConvenience.m */; };
		93A31A46171A3B4400528ABE /* MyWindowController.m in Sources */ = {isa = PBXBuildFile; fileRef = F589FE9D02EA993B014E77C5 /* MyWindowController.m */; };
		93A31A47171A3B4400528ABE /* DataAlias.m in Sources */ = {isa = PBXBuildFile; fileRef = F5F05AF7038F84FE01FD9FBC /* DataAlias.m */; };
		93A31A4F171A3E1F00528ABE /* Scaling.m in Sources */ = {isa = PBXBuildFile; fileRef = 93A31A4E171A3E1F00528ABE /* Scaling.m */; };
		93A31A64171A40A400528ABE /* DefaultTransitionView.nib in Resources */ = {isa = PBXBuildFile; fileRef = 93A31A56171A40A400528ABE /* DefaultTransitionView.nib */; };
		93A31A65171A40A400528ABE /* ImageWindow.nib in Resources */ = {isa = PBXBuildFile; fileRef = 93A31A58171A40A400528ABE /* ImageWindow.nib */; };
		93A31A66171A40A400528ABE /* InfoPlist.strings in Resources */ = {isa = PBXBuildFile; fileRef = 93A31A5A171A40A400528ABE /* InfoPlist.strings */; };
		93A31A67171A40A400528ABE /* InternetImages.nib in Resources */ = {isa = PBXBuildFile; fileRef = 93A31A5C171A40A400528ABE /* InternetImages.nib */; };
		93A31A68171A40A400528ABE /* MainMenu.nib in Resources */ = {isa = PBXBuildFile; fileRef = 93A31A5E171A40A400528ABE /* MainMenu.nib */; };
		93A31A69171A40A400528ABE /* Preload.nib in Resources */ = {isa = PBXBuildFile; fileRef = 93A31A60171A40A400528ABE /* Preload.nib */; };
		93A31A6A171A40A400528ABE /* ScreenShowTransitionView.nib in Resources */ = {isa = PBXBuildFile; fileRef = 93A31A62171A40A400528ABE /* ScreenShowTransitionView.nib */; };
		93DE311B17CA7F3F00F94034 /* ApplicationServices.framework in Frameworks */ = {isa = PBXBuildFile; fileRef = 93DE311A17CA7F3F00F94034 /* ApplicationServices.framework */; };
		93E45F2914638C2A00C5C55B /* trash.aiff in Resources */ = {isa = PBXBuildFile; fileRef = F56A1BE40200B2A801FDC0B7 /* trash.aiff */; };
		93E45F2A14638C2A00C5C55B /* Credits.rtf in Resources */ = {isa = PBXBuildFile; fileRef = F5ECB42E014737C601000001 /* Credits.rtf */; };
		93E45F2B14638C2A00C5C55B /* license.txt in Resources */ = {isa = PBXBuildFile; fileRef = F5B329870200F21501FDC0B7 /* license.txt */; };
		93E45F2C14638C2A00C5C55B /* JPEGdeux.icns in Resources */ = {isa = PBXBuildFile; fileRef = F507012A014FF09701000001 /* JPEGdeux.icns */; };
		93E45F2D14638C2A00C5C55B /* JPEGDeuxDocument.icns in Resources */ = {isa = PBXBuildFile; fileRef = F544332B02DAAF3A0109239F /* JPEGDeuxDocument.icns */; };
		93E45F3614638CE400C5C55B /* Master.m in Sources */ = {isa = PBXBuildFile; fileRef = F5B3295E0200F14901FDC0B7 /* Master.m */; };
		93E45F3814638CE400C5C55B /* MasterEventAction.m in Sources */ = {isa = PBXBuildFile; fileRef = F53E929402EA3AE901549C9E /* MasterEventAction.m */; };
		93E45F3A14638CE400C5C55B /* MasterOutlineStuff.m in Sources */ = {isa = PBXBuildFile; fileRef = F512116D02DBECC4012CC1D9 /* MasterOutlineStuff.m */; };
		93E45F3C14638CE400C5C55B /* PrefsManager.m in Sources */ = {isa = PBXBuildFile; fileRef = F52D57E602CFCC5401CCFEE7 /* PrefsManager.m */; };
		93E45F3E14638CF100C5C55B /* SlideShow.m in Sources */ = {isa = PBXBuildFile; fileRef = F5B329620200F14901FDC0B7 /* SlideShow.m */; };
		93E45F4014638CF100C5C55B /* DockShow.m in Sources */ = {isa = PBXBuildFile; fileRef = F5B3295A0200F14901FDC0B7 /* DockShow.m */; };
		93E45F4214638CF100C5C55B /* ScreenShow.m in Sources */ = {isa = PBXBuildFile; fileRef = F5B329600200F14901FDC0B7 /* ScreenShow.m */; };
		93E45F4414638CF100C5C55B /* TransitionScreenShow.m in Sources */ = {isa = PBXBuildFile; fileRef = F5E53D07038C40E601FD9FBC /* TransitionScreenShow.m */; };
		93E45F4614638CF100C5C55B /* WindowShow.m in Sources */ = {isa = PBXBuildFile; fileRef = F5B329640200F14901FDC0B7 /* WindowShow.m */; };
		93E45F5014638CF100C5C55B /* ImageWindowController.m in Sources */ = {isa = PBXBuildFile; fileRef = F5F05AEB038F5A5501FD9FBC /* ImageWindowController.m */; };
		93E45F5214638CF100C5C55B /* BackgroundImageView.m in Sources */ = {isa = PBXBuildFile; fileRef = F5B329560200F14901FDC0B7 /* BackgroundImageView.m */; };
		93E45F5414638CF100C5C55B /* CommentFinder.m in Sources */ = {isa = PBXBuildFile; fileRef = F5E53AA3038B5BCE01FD9FBC /* CommentFinder.m */; };
		93E45F5614638CF100C5C55B /* NetImageAdder.m in Sources */ = {isa = PBXBuildFile; fileRef = F506C87D0392755201FD9FBC /* NetImageAdder.m */; };
		93E45F5814638CFD00C5C55B /* sorting.m in Sources */ = {isa = PBXBuildFile; fileRef = F503B36E03590DDE01168C0E /* sorting.m */; };
		93E45F5B14638CFD00C5C55B /* Procedural.m in Sources */ = {isa = PBXBuildFile; fileRef = F52FF8700202FA8201FDC0B7 /* Procedural.m */; };
		93E45F6314638D7D00C5C55B /* CoreFoundation.framework in Frameworks */ = {isa = PBXBuildFile; fileRef = F5F34E5B0145C0BD01000001 /* CoreFoundation.framework */; };
		93E45F6414638D8600C5C55B /* Carbon.framework in Frameworks */ = {isa = PBXBuildFile; fileRef = F5C4771C014870FD01000001 /* Carbon.framework */; };
		93E45F6614638D8D00C5C55B /* AppKit.framework in Frameworks */ = {isa = PBXBuildFile; fileRef = 93E45F1014638A3000C5C55B /* AppKit.framework */; };
		93E45F6814638D8D00C5C55B /* Foundation.framework in Frameworks */ = {isa = PBXBuildFile; fileRef = 93E45F1214638A3000C5C55B /* Foundation.framework */; };
/* End PBXBuildFile section */

/* Begin PBXContainerItemProxy section */
		93A273681DF77D83000319F3 /* PBXContainerItemProxy */ = {
			isa = PBXContainerItemProxy;
			containerPortal = 29B97313FDCFA39411CA2CEA /* Project object */;
			proxyType = 1;
			remoteGlobalIDString = 93E45F0B14638A3000C5C55B;
			remoteInfo = JPEGDeux;
		};
/* End PBXContainerItemProxy section */

/* Begin PBXFileReference section */
		0A052D38085C74ED0037FF42 /* Scaling.m */ = {isa = PBXFileReference; fileEncoding = 30; lastKnownFileType = sourcecode.c.objc; name = Scaling.m; path = Code/Scaling.m; sourceTree = "<group>"; };
		0AF66BC922C354E50037B580 /* Base */ = {isa = PBXFileReference; lastKnownFileType = wrapper.nib; name = Base; path = JPEGDeux/Base.lproj/DefaultTransitionView.nib; sourceTree = "<group>"; };
		0AF66BCA22C354E50037B580 /* Base */ = {isa = PBXFileReference; lastKnownFileType = wrapper.nib; name = Base; path = JPEGDeux/Base.lproj/ImageWindow.nib; sourceTree = "<group>"; };
		0AF66BCB22C354E50037B580 /* Base */ = {isa = PBXFileReference; lastKnownFileType = wrapper.nib; name = Base; path = JPEGDeux/Base.lproj/InternetImages.nib; sourceTree = "<group>"; };
		0AF66BCC22C354E50037B580 /* Base */ = {isa = PBXFileReference; lastKnownFileType = wrapper.nib; name = Base; path = JPEGDeux/Base.lproj/MainMenu.nib; sourceTree = "<group>"; };
		0AF66BCD22C354E50037B580 /* Base */ = {isa = PBXFileReference; lastKnownFileType = wrapper.nib; name = Base; path = JPEGDeux/Base.lproj/Preload.nib; sourceTree = "<group>"; };
		0AF66BCE22C354E50037B580 /* Base */ = {isa = PBXFileReference; lastKnownFileType = wrapper.nib; name = Base; path = JPEGDeux/Base.lproj/ScreenShowTransitionView.nib; sourceTree = "<group>"; };
		1058C7A1FEA54F0111CA2CBB /* Cocoa.framework */ = {isa = PBXFileReference; lastKnownFileType = wrapper.framework; name = Cocoa.framework; path = /System/Library/Frameworks/Cocoa.framework; sourceTree = "<absolute>"; };
		930E803217247A9C00291667 /* Quartz.framework */ = {isa = PBXFileReference; lastKnownFileType = wrapper.framework; name = Quartz.framework; path = Platforms/MacOSX.platform/Developer/SDKs/MacOSX10.8.sdk/System/Library/Frameworks/Quartz.framework; sourceTree = DEVELOPER_DIR; };
		930E803317247A9C00291667 /* QuartzCore.framework */ = {isa = PBXFileReference; lastKnownFileType = wrapper.framework; name = QuartzCore.framework; path = Platforms/MacOSX.platform/Developer/SDKs/MacOSX10.8.sdk/System/Library/Frameworks/QuartzCore.framework; sourceTree = DEVELOPER_DIR; };
		939658FA171A1EA100286CB9 /* en */ = {isa = PBXFileReference; lastKnownFileType = text.plist.strings; name = en; path = en.lproj/InfoPlist.strings; sourceTree = "<group>"; };
		939658FD171A1EA100286CB9 /* JPEGDeux-Info.plist */ = {isa = PBXFileReference; fileEncoding = 4; lastKnownFileType = text.plist.xml; path = "JPEGDeux-Info.plist"; sourceTree = "<group>"; };
		939658FE171A1EA100286CB9 /* JPEGDeux-Prefix.pch */ = {isa = PBXFileReference; fileEncoding = 4; lastKnownFileType = sourcecode.c.h; path = "JPEGDeux-Prefix.pch"; sourceTree = "<group>"; };
		939658FF171A1EA100286CB9 /* JPEGDeuxAppDelegate.h */ = {isa = PBXFileReference; fileEncoding = 4; lastKnownFileType = sourcecode.c.h; path = JPEGDeuxAppDelegate.h; sourceTree = "<group>"; };
		93965900171A1EA100286CB9 /* JPEGDeuxAppDelegate.m */ = {isa = PBXFileReference; fileEncoding = 4; lastKnownFileType = sourcecode.c.objc; path = JPEGDeuxAppDelegate.m; sourceTree = "<group>"; };
		93965901171A1EA100286CB9 /* main.m */ = {isa = PBXFileReference; fileEncoding = 4; lastKnownFileType = sourcecode.c.objc; path = main.m; sourceTree = "<group>"; };
		93965908171A234400286CB9 /* CoreGraphics.framework */ = {isa = PBXFileReference; lastKnownFileType = wrapper.framework; name = CoreGraphics.framework; path = Platforms/MacOSX.platform/Developer/SDKs/MacOSX10.8.sdk/System/Library/Frameworks/CoreGraphics.framework; sourceTree = DEVELOPER_DIR; };
		9396590A171A356F00286CB9 /* Cocoa.framework */ = {isa = PBXFileReference; lastKnownFileType = wrapper.framework; name = Cocoa.framework; path = Platforms/MacOSX.platform/Developer/SDKs/MacOSX10.8.sdk/System/Library/Frameworks/Cocoa.framework; sourceTree = DEVELOPER_DIR; };
		93A273631DF77D83000319F3 /* JPEGDeuxTests.xctest */ = {isa = PBXFileReference; explicitFileType = wrapper.cfbundle; includeInIndex = 0; path = JPEGDeuxTests.xctest; sourceTree = BUILT_PRODUCTS_DIR; };
		93A273651DF77D83000319F3 /* JPEGDeuxTests.swift */ = {isa = PBXFileReference; lastKnownFileType = sourcecode.swift; path = JPEGDeuxTests.swift; sourceTree = "<group>"; };
		93A273671DF77D83000319F3 /* Info.plist */ = {isa = PBXFileReference; lastKnownFileType = text.plist.xml; path = Info.plist; sourceTree = "<group>"; };
		93A273701DF78A26000319F3 /* BackgroundImageViewTests.swift */ = {isa = PBXFileReference; fileEncoding = 4; lastKnownFileType = sourcecode.swift; name = BackgroundImageViewTests.swift; path = Code/Classes/BackgroundImageViewTests.swift; sourceTree = "<group>"; };
		93A273721DF78DD5000319F3 /* JpegDeux-Bridging-Header.h */ = {isa = PBXFileReference; lastKnownFileType = sourcecode.c.h; path = "JpegDeux-Bridging-Header.h"; sourceTree = "<group>"; };
		93A31A4E171A3E1F00528ABE /* Scaling.m */ = {isa = PBXFileReference; fileEncoding = 4; lastKnownFileType = sourcecode.c.objc; path = Scaling.m; sourceTree = "<group>"; };
		93A31A5B171A40A400528ABE /* en */ = {isa = PBXFileReference; lastKnownFileType = text.plist.strings; name = en; path = JPEGDeux/en.lproj/InfoPlist.strings; sourceTree = "<group>"; };
		93DE311A17CA7F3F00F94034 /* ApplicationServices.framework */ = {isa = PBXFileReference; lastKnownFileType = wrapper.framework; name = ApplicationServices.framework; path = Platforms/MacOSX.platform/Developer/SDKs/MacOSX10.7.sdk/System/Library/Frameworks/ApplicationServices.framework; sourceTree = DEVELOPER_DIR; };
		93E45F0C14638A3000C5C55B /* JPEGDeux.app */ = {isa = PBXFileReference; explicitFileType = wrapper.application; includeInIndex = 0; path = JPEGDeux.app; sourceTree = BUILT_PRODUCTS_DIR; };
		93E45F1014638A3000C5C55B /* AppKit.framework */ = {isa = PBXFileReference; lastKnownFileType = wrapper.framework; name = AppKit.framework; path = System/Library/Frameworks/AppKit.framework; sourceTree = SDKROOT; };
		93E45F1114638A3000C5C55B /* CoreData.framework */ = {isa = PBXFileReference; lastKnownFileType = wrapper.framework; name = CoreData.framework; path = System/Library/Frameworks/CoreData.framework; sourceTree = SDKROOT; };
		93E45F1214638A3000C5C55B /* Foundation.framework */ = {isa = PBXFileReference; lastKnownFileType = wrapper.framework; name = Foundation.framework; path = System/Library/Frameworks/Foundation.framework; sourceTree = SDKROOT; };
		F503B36D03590DDE01168C0E /* sorting.h */ = {isa = PBXFileReference; lastKnownFileType = sourcecode.c.h; path = sorting.h; sourceTree = "<group>"; };
		F503B36E03590DDE01168C0E /* sorting.m */ = {isa = PBXFileReference; lastKnownFileType = sourcecode.c.objc; path = sorting.m; sourceTree = "<group>"; };
		F506C87D0392755201FD9FBC /* NetImageAdder.m */ = {isa = PBXFileReference; lastKnownFileType = sourcecode.c.objc; name = NetImageAdder.m; path = Classes/NetImageAdder.m; sourceTree = "<group>"; };
		F506C87E0392755201FD9FBC /* NetImageAdder.h */ = {isa = PBXFileReference; lastKnownFileType = sourcecode.c.h; name = NetImageAdder.h; path = Classes/NetImageAdder.h; sourceTree = "<group>"; };
		F506D21903931DED01FD9FBC /* DefaultTransitionChooser.m */ = {isa = PBXFileReference; lastKnownFileType = sourcecode.c.objc; name = DefaultTransitionChooser.m; path = Classes/DefaultTransitionChooser.m; sourceTree = "<group>"; };
		F506D21A03931DED01FD9FBC /* DefaultTransitionChooser.h */ = {isa = PBXFileReference; lastKnownFileType = sourcecode.c.h; name = DefaultTransitionChooser.h; path = Classes/DefaultTransitionChooser.h; sourceTree = "<group>"; };
		F507012A014FF09701000001 /* JPEGdeux.icns */ = {isa = PBXFileReference; lastKnownFileType = image.icns; path = JPEGdeux.icns; sourceTree = "<group>"; };
		F511236902DAD47301CCB2D9 /* FileHierarchySupport.m */ = {isa = PBXFileReference; lastKnownFileType = sourcecode.c.objc; path = FileHierarchySupport.m; sourceTree = "<group>"; };
		F511236A02DAD47301CCB2D9 /* FileHierarchySupport.h */ = {isa = PBXFileReference; lastKnownFileType = sourcecode.c.h; path = FileHierarchySupport.h; sourceTree = "<group>"; };
		F512116D02DBECC4012CC1D9 /* MasterOutlineStuff.m */ = {isa = PBXFileReference; lastKnownFileType = sourcecode.c.objc; path = MasterOutlineStuff.m; sourceTree = "<group>"; };
		F512116E02DBECC4012CC1D9 /* MasterOutlineStuff.h */ = {isa = PBXFileReference; lastKnownFileType = sourcecode.c.h; path = MasterOutlineStuff.h; sourceTree = "<group>"; };
		F521B07202ED27D101F32A68 /* Scaling.h */ = {isa = PBXFileReference; lastKnownFileType = sourcecode.c.h; path = Scaling.h; sourceTree = "<group>"; };
		F5262E4702CECA940186C364 /* QuickTime.framework */ = {isa = PBXFileReference; lastKnownFileType = wrapper.framework; name = QuickTime.framework; path = /System/Library/Frameworks/QuickTime.framework; sourceTree = "<absolute>"; };
		F52D57E602CFCC5401CCFEE7 /* PrefsManager.m */ = {isa = PBXFileReference; lastKnownFileType = sourcecode.c.objc; path = PrefsManager.m; sourceTree = "<group>"; };
		F52D57E702CFCC5401CCFEE7 /* PrefsManager.h */ = {isa = PBXFileReference; lastKnownFileType = sourcecode.c.h; path = PrefsManager.h; sourceTree = "<group>"; };
		F52D57EE02D035A401CCFEE7 /* KeyBindingTable.m */ = {isa = PBXFileReference; lastKnownFileType = sourcecode.c.objc; path = KeyBindingTable.m; sourceTree = "<group>"; };
		F52D57EF02D035A401CCFEE7 /* KeyBindingTable.h */ = {isa = PBXFileReference; lastKnownFileType = sourcecode.c.h; path = KeyBindingTable.h; sourceTree = "<group>"; };
		F52D57F202D0517101CCFEE7 /* ObjectAdditions.m */ = {isa = PBXFileReference; lastKnownFileType = sourcecode.c.objc; path = ObjectAdditions.m; sourceTree = "<group>"; };
		F52D57F302D0517101CCFEE7 /* ObjectAdditions.h */ = {isa = PBXFileReference; lastKnownFileType = sourcecode.c.h; path = ObjectAdditions.h; sourceTree = "<group>"; };
		F52FF8700202FA8201FDC0B7 /* Procedural.m */ = {isa = PBXFileReference; lastKnownFileType = sourcecode.c.objc; path = Procedural.m; sourceTree = "<group>"; };
		F53E929402EA3AE901549C9E /* MasterEventAction.m */ = {isa = PBXFileReference; lastKnownFileType = sourcecode.c.objc; path = MasterEventAction.m; sourceTree = "<group>"; };
		F53E929502EA3AE901549C9E /* MasterEventAction.h */ = {isa = PBXFileReference; lastKnownFileType = sourcecode.c.h; path = MasterEventAction.h; sourceTree = "<group>"; };
		F544332B02DAAF3A0109239F /* JPEGDeuxDocument.icns */ = {isa = PBXFileReference; lastKnownFileType = image.icns; path = JPEGDeuxDocument.icns; sourceTree = "<group>"; };
		F5492B3C02DD82F00171CBD8 /* PreviewImageView.m */ = {isa = PBXFileReference; lastKnownFileType = sourcecode.c.objc; name = PreviewImageView.m; path = Classes/PreviewImageView.m; sourceTree = "<group>"; };
		F5492B3D02DD82F00171CBD8 /* PreviewImageView.h */ = {isa = PBXFileReference; lastKnownFileType = sourcecode.c.h; name = PreviewImageView.h; path = Classes/PreviewImageView.h; sourceTree = "<group>"; };
		F551C7D8C5B0390101C88848 /* ScreenShowTransitionChooser.h */ = {isa = PBXFileReference; lastKnownFileType = sourcecode.c.h; name = ScreenShowTransitionChooser.h; path = Classes/ScreenShowTransitionChooser.h; sourceTree = "<group>"; };
		F551C7D9C5B0390101C88848 /* ScreenShowTransitionChooser.m */ = {isa = PBXFileReference; lastKnownFileType = sourcecode.c.objc; name = ScreenShowTransitionChooser.m; path = Classes/ScreenShowTransitionChooser.m; sourceTree = "<group>"; };
		F55B48B002D9A0D201BE4052 /* DictionaryConvenience.m */ = {isa = PBXFileReference; lastKnownFileType = sourcecode.c.objc; path = DictionaryConvenience.m; sourceTree = "<group>"; };
		F55B48B102D9A0D201BE4052 /* DictionaryConvenience.h */ = {isa = PBXFileReference; lastKnownFileType = sourcecode.c.h; path = DictionaryConvenience.h; sourceTree = "<group>"; };
		F56A1BE40200B2A801FDC0B7 /* trash.aiff */ = {isa = PBXFileReference; lastKnownFileType = audio.aiff; path = trash.aiff; sourceTree = "<group>"; };
		F589FE9D02EA993B014E77C5 /* MyWindowController.m */ = {isa = PBXFileReference; lastKnownFileType = sourcecode.c.objc; path = MyWindowController.m; sourceTree = "<group>"; };
		F589FE9E02EA993B014E77C5 /* MyWindowController.h */ = {isa = PBXFileReference; lastKnownFileType = sourcecode.c.h; path = MyWindowController.h; sourceTree = "<group>"; };
		F5ABD38602693CCA01FDC0B7 /* blitters.s */ = {isa = PBXFileReference; lastKnownFileType = sourcecode.asm; path = blitters.s; sourceTree = "<group>"; };
		F5B329550200F14901FDC0B7 /* BackgroundImageView.h */ = {isa = PBXFileReference; lastKnownFileType = sourcecode.c.h; path = BackgroundImageView.h; sourceTree = "<group>"; };
		F5B329560200F14901FDC0B7 /* BackgroundImageView.m */ = {isa = PBXFileReference; lastKnownFileType = sourcecode.c.objc; path = BackgroundImageView.m; sourceTree = "<group>"; };
		F5B329570200F14901FDC0B7 /* BetterTable.h */ = {isa = PBXFileReference; lastKnownFileType = sourcecode.c.h; name = BetterTable.h; path = Classes/BetterTable.h; sourceTree = "<group>"; };
		F5B329580200F14901FDC0B7 /* BetterTable.m */ = {isa = PBXFileReference; lastKnownFileType = sourcecode.c.objc; name = BetterTable.m; path = Classes/BetterTable.m; sourceTree = "<group>"; };
		F5B329590200F14901FDC0B7 /* DockShow.h */ = {isa = PBXFileReference; lastKnownFileType = sourcecode.c.h; path = DockShow.h; sourceTree = "<group>"; };
		F5B3295A0200F14901FDC0B7 /* DockShow.m */ = {isa = PBXFileReference; lastKnownFileType = sourcecode.c.objc; path = DockShow.m; sourceTree = "<group>"; };
		F5B3295B0200F14901FDC0B7 /* FixedBitmapImageRep.h */ = {isa = PBXFileReference; lastKnownFileType = sourcecode.c.h; name = FixedBitmapImageRep.h; path = Classes/FixedBitmapImageRep.h; sourceTree = "<group>"; };
		F5B3295C0200F14901FDC0B7 /* FixedBitmapImageRep.m */ = {isa = PBXFileReference; lastKnownFileType = sourcecode.c.objc; name = FixedBitmapImageRep.m; path = Classes/FixedBitmapImageRep.m; sourceTree = "<group>"; };
		F5B3295D0200F14901FDC0B7 /* Master.h */ = {isa = PBXFileReference; lastKnownFileType = sourcecode.c.h; path = Master.h; sourceTree = "<group>"; };
		F5B3295E0200F14901FDC0B7 /* Master.m */ = {isa = PBXFileReference; lastKnownFileType = sourcecode.c.objc; path = Master.m; sourceTree = "<group>"; };
		F5B3295F0200F14901FDC0B7 /* ScreenShow.h */ = {isa = PBXFileReference; lastKnownFileType = sourcecode.c.h; path = ScreenShow.h; sourceTree = "<group>"; };
		F5B329600200F14901FDC0B7 /* ScreenShow.m */ = {isa = PBXFileReference; lastKnownFileType = sourcecode.c.objc; path = ScreenShow.m; sourceTree = "<group>"; };
		F5B329610200F14901FDC0B7 /* SlideShow.h */ = {isa = PBXFileReference; lastKnownFileType = sourcecode.c.h; path = SlideShow.h; sourceTree = "<group>"; };
		F5B329620200F14901FDC0B7 /* SlideShow.m */ = {isa = PBXFileReference; lastKnownFileType = sourcecode.c.objc; path = SlideShow.m; sourceTree = "<group>"; };
		F5B329630200F14901FDC0B7 /* WindowShow.h */ = {isa = PBXFileReference; lastKnownFileType = sourcecode.c.h; path = WindowShow.h; sourceTree = "<group>"; };
		F5B329640200F14901FDC0B7 /* WindowShow.m */ = {isa = PBXFileReference; lastKnownFileType = sourcecode.c.objc; path = WindowShow.m; sourceTree = "<group>"; };
		F5B329660200F14901FDC0B7 /* MutableArrayCategory.h */ = {isa = PBXFileReference; lastKnownFileType = sourcecode.c.h; path = MutableArrayCategory.h; sourceTree = "<group>"; };
		F5B329670200F14901FDC0B7 /* MutableArrayCategory.m */ = {isa = PBXFileReference; lastKnownFileType = sourcecode.c.objc; path = MutableArrayCategory.m; sourceTree = "<group>"; };
		F5B329680200F14901FDC0B7 /* PetersTypes.h */ = {isa = PBXFileReference; lastKnownFileType = sourcecode.c.h; path = PetersTypes.h; sourceTree = "<group>"; };
		F5B3296A0200F14901FDC0B7 /* Procedural.h */ = {isa = PBXFileReference; lastKnownFileType = sourcecode.c.h; path = Procedural.h; sourceTree = "<group>"; };
		F5B3296B0200F14901FDC0B7 /* StringAdditions.h */ = {isa = PBXFileReference; lastKnownFileType = sourcecode.c.h; path = StringAdditions.h; sourceTree = "<group>"; };
		F5B3296C0200F14901FDC0B7 /* StringAdditions.m */ = {isa = PBXFileReference; lastKnownFileType = sourcecode.c.objc; path = StringAdditions.m; sourceTree = "<group>"; };
		F5B329870200F21501FDC0B7 /* license.txt */ = {isa = PBXFileReference; fileEncoding = 4; lastKnownFileType = text; path = license.txt; sourceTree = "<group>"; };
		F5C4771C014870FD01000001 /* Carbon.framework */ = {isa = PBXFileReference; lastKnownFileType = wrapper.framework; name = Carbon.framework; path = /System/Library/Frameworks/Carbon.framework; sourceTree = "<absolute>"; };
		F5E53AA2038B5BCE01FD9FBC /* CommentFinder.h */ = {isa = PBXFileReference; lastKnownFileType = sourcecode.c.h; path = CommentFinder.h; sourceTree = "<group>"; };
		F5E53AA3038B5BCE01FD9FBC /* CommentFinder.m */ = {isa = PBXFileReference; lastKnownFileType = sourcecode.c.objc; path = CommentFinder.m; sourceTree = "<group>"; };
		F5E53CF7038BA75901FD9FBC /* WindowMovingTextField.h */ = {isa = PBXFileReference; lastKnownFileType = sourcecode.c.h; path = WindowMovingTextField.h; sourceTree = "<group>"; };
		F5E53CF8038BA75901FD9FBC /* WindowMovingTextField.m */ = {isa = PBXFileReference; lastKnownFileType = sourcecode.c.objc; path = WindowMovingTextField.m; sourceTree = "<group>"; };
		F5E53D06038C40E601FD9FBC /* TransitionScreenShow.h */ = {isa = PBXFileReference; lastKnownFileType = sourcecode.c.h; path = TransitionScreenShow.h; sourceTree = "<group>"; };
		F5E53D07038C40E601FD9FBC /* TransitionScreenShow.m */ = {isa = PBXFileReference; lastKnownFileType = sourcecode.c.objc; path = TransitionScreenShow.m; sourceTree = "<group>"; };
		F5ECB42E014737C601000001 /* Credits.rtf */ = {isa = PBXFileReference; fileEncoding = 4; lastKnownFileType = text.rtf; path = Credits.rtf; sourceTree = "<group>"; };
		F5F05AEA038F5A5501FD9FBC /* ImageWindowController.h */ = {isa = PBXFileReference; lastKnownFileType = sourcecode.c.h; path = ImageWindowController.h; sourceTree = "<group>"; };
		F5F05AEB038F5A5501FD9FBC /* ImageWindowController.m */ = {isa = PBXFileReference; lastKnownFileType = sourcecode.c.objc; path = ImageWindowController.m; sourceTree = "<group>"; };
		F5F05AF6038F84FE01FD9FBC /* DataAlias.h */ = {isa = PBXFileReference; lastKnownFileType = sourcecode.c.h; path = DataAlias.h; sourceTree = "<group>"; };
		F5F05AF7038F84FE01FD9FBC /* DataAlias.m */ = {isa = PBXFileReference; lastKnownFileType = sourcecode.c.objc; path = DataAlias.m; sourceTree = "<group>"; };
		F5F34E5B0145C0BD01000001 /* CoreFoundation.framework */ = {isa = PBXFileReference; lastKnownFileType = wrapper.framework; name = CoreFoundation.framework; path = /System/Library/Frameworks/CoreFoundation.framework; sourceTree = "<absolute>"; };
		F5F34E5D0145C6EF01000001 /* ApplicationServices.framework */ = {isa = PBXFileReference; lastKnownFileType = wrapper.framework; name = ApplicationServices.framework; path = /System/Library/Frameworks/ApplicationServices.framework; sourceTree = "<absolute>"; };
/* End PBXFileReference section */

/* Begin PBXFrameworksBuildPhase section */
		93A273601DF77D83000319F3 /* Frameworks */ = {
			isa = PBXFrameworksBuildPhase;
			buildActionMask = 2147483647;
			files = (
			);
			runOnlyForDeploymentPostprocessing = 0;
		};
		93E45F0914638A3000C5C55B /* Frameworks */ = {
			isa = PBXFrameworksBuildPhase;
			buildActionMask = 2147483647;
			files = (
				93DE311B17CA7F3F00F94034 /* ApplicationServices.framework in Frameworks */,
				930E803417247A9C00291667 /* Quartz.framework in Frameworks */,
				930E803517247A9C00291667 /* QuartzCore.framework in Frameworks */,
				9396590B171A356F00286CB9 /* Cocoa.framework in Frameworks */,
				93E45F6414638D8600C5C55B /* Carbon.framework in Frameworks */,
				93E45F6314638D7D00C5C55B /* CoreFoundation.framework in Frameworks */,
				93E45F6614638D8D00C5C55B /* AppKit.framework in Frameworks */,
				93E45F6814638D8D00C5C55B /* Foundation.framework in Frameworks */,
			);
			runOnlyForDeploymentPostprocessing = 0;
		};
/* End PBXFrameworksBuildPhase section */

/* Begin PBXGroup section */
		19C28FACFE9D520D11CA2CBB /* Products */ = {
			isa = PBXGroup;
			children = (
				93E45F0C14638A3000C5C55B /* JPEGDeux.app */,
				93A273631DF77D83000319F3 /* JPEGDeuxTests.xctest */,
			);
			name = Products;
			sourceTree = "<group>";
		};
		29B97314FDCFA39411CA2CEA /* JPEGShow */ = {
			isa = PBXGroup;
			children = (
				93DE311A17CA7F3F00F94034 /* ApplicationServices.framework */,
				930E803217247A9C00291667 /* Quartz.framework */,
				930E803317247A9C00291667 /* QuartzCore.framework */,
				9396590A171A356F00286CB9 /* Cocoa.framework */,
				93965908171A234400286CB9 /* CoreGraphics.framework */,
				939658F6171A1EA100286CB9 /* JPEGDeux */,
				0A052D38085C74ED0037FF42 /* Scaling.m */,
				F5B329510200F14901FDC0B7 /* Code */,
				F52D57E502CFCBBC01CCFEE7 /* Bugs 'n Features */,
				29B97317FDCFA39411CA2CEA /* Resources */,
				93A273641DF77D83000319F3 /* JPEGDeuxTests */,
				29B97323FDCFA39411CA2CEA /* Frameworks */,
				19C28FACFE9D520D11CA2CBB /* Products */,
			);
			name = JPEGShow;
			sourceTree = "<group>";
		};
		29B97317FDCFA39411CA2CEA /* Resources */ = {
			isa = PBXGroup;
			children = (
				93A31A56171A40A400528ABE /* DefaultTransitionView.nib */,
				93A31A58171A40A400528ABE /* ImageWindow.nib */,
				93A31A5A171A40A400528ABE /* InfoPlist.strings */,
				93A31A5C171A40A400528ABE /* InternetImages.nib */,
				93A31A5E171A40A400528ABE /* MainMenu.nib */,
				93A31A60171A40A400528ABE /* Preload.nib */,
				93A31A62171A40A400528ABE /* ScreenShowTransitionView.nib */,
				F56A1BE40200B2A801FDC0B7 /* trash.aiff */,
				F5ECB42E014737C601000001 /* Credits.rtf */,
				F5B329870200F21501FDC0B7 /* license.txt */,
				F507012A014FF09701000001 /* JPEGdeux.icns */,
				F544332B02DAAF3A0109239F /* JPEGDeuxDocument.icns */,
			);
			name = Resources;
			sourceTree = "<group>";
		};
		29B97323FDCFA39411CA2CEA /* Frameworks */ = {
			isa = PBXGroup;
			children = (
				F5262E4702CECA940186C364 /* QuickTime.framework */,
				F5F34E5B0145C0BD01000001 /* CoreFoundation.framework */,
				1058C7A1FEA54F0111CA2CBB /* Cocoa.framework */,
				F5C4771C014870FD01000001 /* Carbon.framework */,
				F5F34E5D0145C6EF01000001 /* ApplicationServices.framework */,
				93E45F0F14638A3000C5C55B /* Other Frameworks */,
			);
			name = Frameworks;
			sourceTree = "<group>";
		};
		939658F6171A1EA100286CB9 /* JPEGDeux */ = {
			isa = PBXGroup;
			children = (
				939658F9171A1EA100286CB9 /* InfoPlist.strings */,
				939658FD171A1EA100286CB9 /* JPEGDeux-Info.plist */,
				939658FE171A1EA100286CB9 /* JPEGDeux-Prefix.pch */,
				939658FF171A1EA100286CB9 /* JPEGDeuxAppDelegate.h */,
				93965900171A1EA100286CB9 /* JPEGDeuxAppDelegate.m */,
				93965901171A1EA100286CB9 /* main.m */,
			);
			path = JPEGDeux;
			sourceTree = "<group>";
		};
		93A273641DF77D83000319F3 /* JPEGDeuxTests */ = {
			isa = PBXGroup;
			children = (
				93A2736E1DF789C7000319F3 /* Code */,
				93A273651DF77D83000319F3 /* JPEGDeuxTests.swift */,
				93A273671DF77D83000319F3 /* Info.plist */,
			);
			path = JPEGDeuxTests;
			sourceTree = "<group>";
		};
		93A2736E1DF789C7000319F3 /* Code */ = {
			isa = PBXGroup;
			children = (
				93A2736F1DF789CC000319F3 /* Classes */,
			);
			name = Code;
			sourceTree = "<group>";
		};
		93A2736F1DF789CC000319F3 /* Classes */ = {
			isa = PBXGroup;
			children = (
				93A273701DF78A26000319F3 /* BackgroundImageViewTests.swift */,
			);
			name = Classes;
			sourceTree = "<group>";
		};
		93E45F0F14638A3000C5C55B /* Other Frameworks */ = {
			isa = PBXGroup;
			children = (
				93E45F1014638A3000C5C55B /* AppKit.framework */,
				93E45F1114638A3000C5C55B /* CoreData.framework */,
				93E45F1214638A3000C5C55B /* Foundation.framework */,
			);
			name = "Other Frameworks";
			sourceTree = "<group>";
		};
		F52D57E302CFCB7301CCFEE7 /* Shows */ = {
			isa = PBXGroup;
			children = (
				F5B329610200F14901FDC0B7 /* SlideShow.h */,
				F5B329620200F14901FDC0B7 /* SlideShow.m */,
				F5B329590200F14901FDC0B7 /* DockShow.h */,
				F5B3295A0200F14901FDC0B7 /* DockShow.m */,
				F5B3295F0200F14901FDC0B7 /* ScreenShow.h */,
				F5B329600200F14901FDC0B7 /* ScreenShow.m */,
				F5E53D06038C40E601FD9FBC /* TransitionScreenShow.h */,
				F5E53D07038C40E601FD9FBC /* TransitionScreenShow.m */,
				F5B329630200F14901FDC0B7 /* WindowShow.h */,
				F5B329640200F14901FDC0B7 /* WindowShow.m */,
			);
			name = Shows;
			sourceTree = "<group>";
		};
		F52D57E502CFCBBC01CCFEE7 /* Bugs 'n Features */ = {
			isa = PBXGroup;
			children = (
				F5492B3D02DD82F00171CBD8 /* PreviewImageView.h */,
				F5492B3C02DD82F00171CBD8 /* PreviewImageView.m */,
				F5E53CF7038BA75901FD9FBC /* WindowMovingTextField.h */,
				F5E53CF8038BA75901FD9FBC /* WindowMovingTextField.m */,
				F5B329570200F14901FDC0B7 /* BetterTable.h */,
				F5B329580200F14901FDC0B7 /* BetterTable.m */,
				F5B329660200F14901FDC0B7 /* MutableArrayCategory.h */,
				F5B329670200F14901FDC0B7 /* MutableArrayCategory.m */,
				F5B3295B0200F14901FDC0B7 /* FixedBitmapImageRep.h */,
				F5B3295C0200F14901FDC0B7 /* FixedBitmapImageRep.m */,
				F5B3296B0200F14901FDC0B7 /* StringAdditions.h */,
				F5B3296C0200F14901FDC0B7 /* StringAdditions.m */,
				F52D57EF02D035A401CCFEE7 /* KeyBindingTable.h */,
				F52D57EE02D035A401CCFEE7 /* KeyBindingTable.m */,
				F52D57F302D0517101CCFEE7 /* ObjectAdditions.h */,
				F52D57F202D0517101CCFEE7 /* ObjectAdditions.m */,
				F55B48B102D9A0D201BE4052 /* DictionaryConvenience.h */,
				F55B48B002D9A0D201BE4052 /* DictionaryConvenience.m */,
				F511236A02DAD47301CCB2D9 /* FileHierarchySupport.h */,
				F511236902DAD47301CCB2D9 /* FileHierarchySupport.m */,
				F589FE9E02EA993B014E77C5 /* MyWindowController.h */,
				F589FE9D02EA993B014E77C5 /* MyWindowController.m */,
				F5F05AF6038F84FE01FD9FBC /* DataAlias.h */,
				F5F05AF7038F84FE01FD9FBC /* DataAlias.m */,
			);
			name = "Bugs 'n Features";
			path = Code;
			sourceTree = "<group>";
		};
		F551C7D7C5B0390101C88848 /* Transitions */ = {
			isa = PBXGroup;
			children = (
				F506D21A03931DED01FD9FBC /* DefaultTransitionChooser.h */,
				F506D21903931DED01FD9FBC /* DefaultTransitionChooser.m */,
				F551C7D8C5B0390101C88848 /* ScreenShowTransitionChooser.h */,
				F551C7D9C5B0390101C88848 /* ScreenShowTransitionChooser.m */,
			);
			name = Transitions;
			sourceTree = "<group>";
		};
		F5B329510200F14901FDC0B7 /* Code */ = {
			isa = PBXGroup;
			children = (
				F5ABD38602693CCA01FDC0B7 /* blitters.s */,
				F5B329530200F14901FDC0B7 /* Classes */,
				F5E53AA2038B5BCE01FD9FBC /* CommentFinder.h */,
				F5E53AA3038B5BCE01FD9FBC /* CommentFinder.m */,
				93A273721DF78DD5000319F3 /* JpegDeux-Bridging-Header.h */,
				F506C87E0392755201FD9FBC /* NetImageAdder.h */,
				F506C87D0392755201FD9FBC /* NetImageAdder.m */,
				F5B329680200F14901FDC0B7 /* PetersTypes.h */,
				F5B3296A0200F14901FDC0B7 /* Procedural.h */,
				F52FF8700202FA8201FDC0B7 /* Procedural.m */,
				F521B07202ED27D101F32A68 /* Scaling.h */,
				93A31A4E171A3E1F00528ABE /* Scaling.m */,
				F503B36D03590DDE01168C0E /* sorting.h */,
				F503B36E03590DDE01168C0E /* sorting.m */,
				F551C7D7C5B0390101C88848 /* Transitions */,
			);
			path = Code;
			sourceTree = "<group>";
		};
		F5B329530200F14901FDC0B7 /* Classes */ = {
			isa = PBXGroup;
			children = (
				F5B329550200F14901FDC0B7 /* BackgroundImageView.h */,
				F5B329560200F14901FDC0B7 /* BackgroundImageView.m */,
				F5B3295D0200F14901FDC0B7 /* Master.h */,
				F5B3295E0200F14901FDC0B7 /* Master.m */,
				F53E929502EA3AE901549C9E /* MasterEventAction.h */,
				F53E929402EA3AE901549C9E /* MasterEventAction.m */,
				F512116E02DBECC4012CC1D9 /* MasterOutlineStuff.h */,
				F512116D02DBECC4012CC1D9 /* MasterOutlineStuff.m */,
				F52D57E702CFCC5401CCFEE7 /* PrefsManager.h */,
				F52D57E602CFCC5401CCFEE7 /* PrefsManager.m */,
				F52D57E302CFCB7301CCFEE7 /* Shows */,
				F5F05AEA038F5A5501FD9FBC /* ImageWindowController.h */,
				F5F05AEB038F5A5501FD9FBC /* ImageWindowController.m */,
			);
			path = Classes;
			sourceTree = "<group>";
		};
/* End PBXGroup section */

/* Begin PBXNativeTarget section */
		93A273621DF77D83000319F3 /* JPEGDeuxTests */ = {
			isa = PBXNativeTarget;
			buildConfigurationList = 93A2736A1DF77D83000319F3 /* Build configuration list for PBXNativeTarget "JPEGDeuxTests" */;
			buildPhases = (
				93A2735F1DF77D83000319F3 /* Sources */,
				93A273601DF77D83000319F3 /* Frameworks */,
				93A273611DF77D83000319F3 /* Resources */,
			);
			buildRules = (
			);
			dependencies = (
				93A273691DF77D83000319F3 /* PBXTargetDependency */,
			);
			name = JPEGDeuxTests;
			productName = JPEGDeuxTests;
			productReference = 93A273631DF77D83000319F3 /* JPEGDeuxTests.xctest */;
			productType = "com.apple.product-type.bundle.unit-test";
		};
		93E45F0B14638A3000C5C55B /* JPEGDeux */ = {
			isa = PBXNativeTarget;
			buildConfigurationList = 93E45F2514638A3000C5C55B /* Build configuration list for PBXNativeTarget "JPEGDeux" */;
			buildPhases = (
				93E45F0814638A3000C5C55B /* Sources */,
				93E45F0914638A3000C5C55B /* Frameworks */,
				93E45F0A14638A3000C5C55B /* Resources */,
			);
			buildRules = (
			);
			dependencies = (
			);
			name = JPEGDeux;
			productName = JPEGTrois;
			productReference = 93E45F0C14638A3000C5C55B /* JPEGDeux.app */;
			productType = "com.apple.product-type.application";
		};
/* End PBXNativeTarget section */

/* Begin PBXProject section */
		29B97313FDCFA39411CA2CEA /* Project object */ = {
			isa = PBXProject;
			attributes = {
				LastSwiftUpdateCheck = 0810;
				LastUpgradeCheck = 1020;
				TargetAttributes = {
					93A273621DF77D83000319F3 = {
						CreatedOnToolsVersion = 8.1;
						LastSwiftMigration = 1020;
						ProvisioningStyle = Automatic;
						TestTargetID = 93E45F0B14638A3000C5C55B;
					};
				};
			};
			buildConfigurationList = 0A052D32085C74660037FF42 /* Build configuration list for PBXProject "JPEGDeux" */;
			compatibilityVersion = "Xcode 3.2";
			developmentRegion = en;
			hasScannedForEncodings = 0;
			knownRegions = (
				en,
				Base,
			);
			mainGroup = 29B97314FDCFA39411CA2CEA /* JPEGShow */;
			projectDirPath = "";
			projectRoot = "";
			targets = (
				93E45F0B14638A3000C5C55B /* JPEGDeux */,
				93A273621DF77D83000319F3 /* JPEGDeuxTests */,
			);
		};
/* End PBXProject section */

/* Begin PBXResourcesBuildPhase section */
		93A273611DF77D83000319F3 /* Resources */ = {
			isa = PBXResourcesBuildPhase;
			buildActionMask = 2147483647;
			files = (
			);
			runOnlyForDeploymentPostprocessing = 0;
		};
		93E45F0A14638A3000C5C55B /* Resources */ = {
			isa = PBXResourcesBuildPhase;
			buildActionMask = 2147483647;
			files = (
				93E45F2914638C2A00C5C55B /* trash.aiff in Resources */,
				93E45F2A14638C2A00C5C55B /* Credits.rtf in Resources */,
				93E45F2B14638C2A00C5C55B /* license.txt in Resources */,
				93E45F2C14638C2A00C5C55B /* JPEGdeux.icns in Resources */,
				93E45F2D14638C2A00C5C55B /* JPEGDeuxDocument.icns in Resources */,
				93965903171A1EA100286CB9 /* InfoPlist.strings in Resources */,
				93A31A64171A40A400528ABE /* DefaultTransitionView.nib in Resources */,
				93A31A65171A40A400528ABE /* ImageWindow.nib in Resources */,
				93A31A66171A40A400528ABE /* InfoPlist.strings in Resources */,
				93A31A67171A40A400528ABE /* InternetImages.nib in Resources */,
				93A31A68171A40A400528ABE /* MainMenu.nib in Resources */,
				93A31A69171A40A400528ABE /* Preload.nib in Resources */,
				93A31A6A171A40A400528ABE /* ScreenShowTransitionView.nib in Resources */,
			);
			runOnlyForDeploymentPostprocessing = 0;
		};
/* End PBXResourcesBuildPhase section */

/* Begin PBXSourcesBuildPhase section */
		93A2735F1DF77D83000319F3 /* Sources */ = {
			isa = PBXSourcesBuildPhase;
			buildActionMask = 2147483647;
			files = (
				93A273711DF78A26000319F3 /* BackgroundImageViewTests.swift in Sources */,
				93A273661DF77D83000319F3 /* JPEGDeuxTests.swift in Sources */,
			);
			runOnlyForDeploymentPostprocessing = 0;
		};
		93E45F0814638A3000C5C55B /* Sources */ = {
			isa = PBXSourcesBuildPhase;
			buildActionMask = 2147483647;
			files = (
				93A31A3D171A3B4400528ABE /* PreviewImageView.m in Sources */,
				93A31A3E171A3B4400528ABE /* WindowMovingTextField.m in Sources */,
				93A31A3F171A3B4400528ABE /* BetterTable.m in Sources */,
				93A31A40171A3B4400528ABE /* MutableArrayCategory.m in Sources */,
				93A31A41171A3B4400528ABE /* FixedBitmapImageRep.m in Sources */,
				93A31A42171A3B4400528ABE /* StringAdditions.m in Sources */,
				93A31A43171A3B4400528ABE /* KeyBindingTable.m in Sources */,
				93A31A44171A3B4400528ABE /* ObjectAdditions.m in Sources */,
				93A31A45171A3B4400528ABE /* DictionaryConvenience.m in Sources */,
				93A31A46171A3B4400528ABE /* MyWindowController.m in Sources */,
				93A31A47171A3B4400528ABE /* DataAlias.m in Sources */,
				93A31A3C171A3B1700528ABE /* FileHierarchySupport.m in Sources */,
				9396590D171A36F200286CB9 /* DefaultTransitionChooser.m in Sources */,
				9396590F171A36F200286CB9 /* ScreenShowTransitionChooser.m in Sources */,
				93E45F5814638CFD00C5C55B /* sorting.m in Sources */,
				93E45F5B14638CFD00C5C55B /* Procedural.m in Sources */,
				93E45F3E14638CF100C5C55B /* SlideShow.m in Sources */,
				93E45F4014638CF100C5C55B /* DockShow.m in Sources */,
				93E45F4214638CF100C5C55B /* ScreenShow.m in Sources */,
				93E45F4414638CF100C5C55B /* TransitionScreenShow.m in Sources */,
				93E45F4614638CF100C5C55B /* WindowShow.m in Sources */,
				93E45F5014638CF100C5C55B /* ImageWindowController.m in Sources */,
				93E45F5214638CF100C5C55B /* BackgroundImageView.m in Sources */,
				93E45F5414638CF100C5C55B /* CommentFinder.m in Sources */,
				93E45F5614638CF100C5C55B /* NetImageAdder.m in Sources */,
				93E45F3614638CE400C5C55B /* Master.m in Sources */,
				93E45F3814638CE400C5C55B /* MasterEventAction.m in Sources */,
				93E45F3A14638CE400C5C55B /* MasterOutlineStuff.m in Sources */,
				93E45F3C14638CE400C5C55B /* PrefsManager.m in Sources */,
				93965906171A1EA100286CB9 /* JPEGDeuxAppDelegate.m in Sources */,
				93965907171A1EA100286CB9 /* main.m in Sources */,
				93A31A4F171A3E1F00528ABE /* Scaling.m in Sources */,
			);
			runOnlyForDeploymentPostprocessing = 0;
		};
/* End PBXSourcesBuildPhase section */

/* Begin PBXTargetDependency section */
		93A273691DF77D83000319F3 /* PBXTargetDependency */ = {
			isa = PBXTargetDependency;
			target = 93E45F0B14638A3000C5C55B /* JPEGDeux */;
			targetProxy = 93A273681DF77D83000319F3 /* PBXContainerItemProxy */;
		};
/* End PBXTargetDependency section */

/* Begin PBXVariantGroup section */
		939658F9171A1EA100286CB9 /* InfoPlist.strings */ = {
			isa = PBXVariantGroup;
			children = (
				939658FA171A1EA100286CB9 /* en */,
			);
			name = InfoPlist.strings;
			sourceTree = "<group>";
		};
		93A31A56171A40A400528ABE /* DefaultTransitionView.nib */ = {
			isa = PBXVariantGroup;
			children = (
				0AF66BC922C354E50037B580 /* Base */,
			);
			name = DefaultTransitionView.nib;
			sourceTree = "<group>";
		};
		93A31A58171A40A400528ABE /* ImageWindow.nib */ = {
			isa = PBXVariantGroup;
			children = (
				0AF66BCA22C354E50037B580 /* Base */,
			);
			name = ImageWindow.nib;
			sourceTree = "<group>";
		};
		93A31A5A171A40A400528ABE /* InfoPlist.strings */ = {
			isa = PBXVariantGroup;
			children = (
				93A31A5B171A40A400528ABE /* en */,
			);
			name = InfoPlist.strings;
			sourceTree = "<group>";
		};
		93A31A5C171A40A400528ABE /* InternetImages.nib */ = {
			isa = PBXVariantGroup;
			children = (
				0AF66BCB22C354E50037B580 /* Base */,
			);
			name = InternetImages.nib;
			sourceTree = "<group>";
		};
		93A31A5E171A40A400528ABE /* MainMenu.nib */ = {
			isa = PBXVariantGroup;
			children = (
				0AF66BCC22C354E50037B580 /* Base */,
			);
			name = MainMenu.nib;
			sourceTree = "<group>";
		};
		93A31A60171A40A400528ABE /* Preload.nib */ = {
			isa = PBXVariantGroup;
			children = (
				0AF66BCD22C354E50037B580 /* Base */,
			);
			name = Preload.nib;
			sourceTree = "<group>";
		};
		93A31A62171A40A400528ABE /* ScreenShowTransitionView.nib */ = {
			isa = PBXVariantGroup;
			children = (
				0AF66BCE22C354E50037B580 /* Base */,
			);
			name = ScreenShowTransitionView.nib;
			sourceTree = "<group>";
		};
/* End PBXVariantGroup section */

/* Begin XCBuildConfiguration section */
		0A052D33085C74660037FF42 /* Development */ = {
			isa = XCBuildConfiguration;
			buildSettings = {
				CLANG_ANALYZER_LOCALIZABILITY_NONLOCALIZED = YES;
				CLANG_ENABLE_OBJC_ARC = YES;
				CLANG_WARN_BLOCK_CAPTURE_AUTORELEASING = YES;
				CLANG_WARN_BOOL_CONVERSION = YES;
				CLANG_WARN_COMMA = YES;
				CLANG_WARN_CONSTANT_CONVERSION = YES;
				CLANG_WARN_DEPRECATED_OBJC_IMPLEMENTATIONS = YES;
				CLANG_WARN_EMPTY_BODY = YES;
				CLANG_WARN_ENUM_CONVERSION = YES;
				CLANG_WARN_INFINITE_RECURSION = YES;
				CLANG_WARN_INT_CONVERSION = YES;
				CLANG_WARN_NON_LITERAL_NULL_CONVERSION = YES;
				CLANG_WARN_OBJC_IMPLICIT_RETAIN_SELF = YES;
				CLANG_WARN_OBJC_LITERAL_CONVERSION = YES;
				CLANG_WARN_RANGE_LOOP_ANALYSIS = YES;
				CLANG_WARN_STRICT_PROTOTYPES = YES;
				CLANG_WARN_SUSPICIOUS_MOVE = YES;
				CLANG_WARN_UNREACHABLE_CODE = YES;
				CLANG_WARN__DUPLICATE_METHOD_MATCH = YES;
				DEBUG_INFORMATION_FORMAT = dwarf;
				ENABLE_STRICT_OBJC_MSGSEND = YES;
				ENABLE_TESTABILITY = YES;
				GCC_NO_COMMON_BLOCKS = YES;
				GCC_WARN_64_TO_32_BIT_CONVERSION = YES;
				GCC_WARN_ABOUT_RETURN_TYPE = YES;
				GCC_WARN_UNDECLARED_SELECTOR = YES;
				GCC_WARN_UNINITIALIZED_AUTOS = YES;
				GCC_WARN_UNUSED_FUNCTION = YES;
				GCC_WARN_UNUSED_VARIABLE = YES;
				ONLY_ACTIVE_ARCH = YES;
			};
			name = Development;
		};
		0A052D34085C74660037FF42 /* Deployment */ = {
			isa = XCBuildConfiguration;
			buildSettings = {
				CLANG_ANALYZER_LOCALIZABILITY_NONLOCALIZED = YES;
				CLANG_ENABLE_OBJC_ARC = YES;
				CLANG_WARN_BLOCK_CAPTURE_AUTORELEASING = YES;
				CLANG_WARN_BOOL_CONVERSION = YES;
				CLANG_WARN_COMMA = YES;
				CLANG_WARN_CONSTANT_CONVERSION = YES;
				CLANG_WARN_DEPRECATED_OBJC_IMPLEMENTATIONS = YES;
				CLANG_WARN_EMPTY_BODY = YES;
				CLANG_WARN_ENUM_CONVERSION = YES;
				CLANG_WARN_INFINITE_RECURSION = YES;
				CLANG_WARN_INT_CONVERSION = YES;
				CLANG_WARN_NON_LITERAL_NULL_CONVERSION = YES;
				CLANG_WARN_OBJC_IMPLICIT_RETAIN_SELF = YES;
				CLANG_WARN_OBJC_LITERAL_CONVERSION = YES;
				CLANG_WARN_RANGE_LOOP_ANALYSIS = YES;
				CLANG_WARN_STRICT_PROTOTYPES = YES;
				CLANG_WARN_SUSPICIOUS_MOVE = YES;
				CLANG_WARN_UNREACHABLE_CODE = YES;
				CLANG_WARN__DUPLICATE_METHOD_MATCH = YES;
				DEBUG_INFORMATION_FORMAT = dwarf;
				ENABLE_STRICT_OBJC_MSGSEND = YES;
				GCC_NO_COMMON_BLOCKS = YES;
				GCC_WARN_64_TO_32_BIT_CONVERSION = YES;
				GCC_WARN_ABOUT_RETURN_TYPE = YES;
				GCC_WARN_UNDECLARED_SELECTOR = YES;
				GCC_WARN_UNINITIALIZED_AUTOS = YES;
				GCC_WARN_UNUSED_FUNCTION = YES;
				GCC_WARN_UNUSED_VARIABLE = YES;
				SWIFT_COMPILATION_MODE = wholemodule;
			};
			name = Deployment;
		};
		0A052D35085C74660037FF42 /* Default */ = {
			isa = XCBuildConfiguration;
			buildSettings = {
				CLANG_ANALYZER_LOCALIZABILITY_NONLOCALIZED = YES;
				CLANG_ENABLE_OBJC_ARC = YES;
				CLANG_WARN_BLOCK_CAPTURE_AUTORELEASING = YES;
				CLANG_WARN_BOOL_CONVERSION = YES;
				CLANG_WARN_COMMA = YES;
				CLANG_WARN_CONSTANT_CONVERSION = YES;
				CLANG_WARN_DEPRECATED_OBJC_IMPLEMENTATIONS = YES;
				CLANG_WARN_EMPTY_BODY = YES;
				CLANG_WARN_ENUM_CONVERSION = YES;
				CLANG_WARN_INFINITE_RECURSION = YES;
				CLANG_WARN_INT_CONVERSION = YES;
				CLANG_WARN_NON_LITERAL_NULL_CONVERSION = YES;
				CLANG_WARN_OBJC_IMPLICIT_RETAIN_SELF = YES;
				CLANG_WARN_OBJC_LITERAL_CONVERSION = YES;
				CLANG_WARN_RANGE_LOOP_ANALYSIS = YES;
				CLANG_WARN_STRICT_PROTOTYPES = YES;
				CLANG_WARN_SUSPICIOUS_MOVE = YES;
				CLANG_WARN_UNREACHABLE_CODE = YES;
				CLANG_WARN__DUPLICATE_METHOD_MATCH = YES;
				DEBUG_INFORMATION_FORMAT = dwarf;
				ENABLE_STRICT_OBJC_MSGSEND = YES;
				GCC_NO_COMMON_BLOCKS = YES;
				GCC_WARN_64_TO_32_BIT_CONVERSION = YES;
				GCC_WARN_ABOUT_RETURN_TYPE = YES;
				GCC_WARN_UNDECLARED_SELECTOR = YES;
				GCC_WARN_UNINITIALIZED_AUTOS = YES;
				GCC_WARN_UNUSED_FUNCTION = YES;
				GCC_WARN_UNUSED_VARIABLE = YES;
			};
			name = Default;
		};
		93A2736B1DF77D83000319F3 /* Development */ = {
			isa = XCBuildConfiguration;
			buildSettings = {
				ALWAYS_SEARCH_USER_PATHS = NO;
				BUNDLE_LOADER = "$(TEST_HOST)";
				CLANG_ANALYZER_NONNULL = YES;
				CLANG_CXX_LANGUAGE_STANDARD = "gnu++0x";
				CLANG_CXX_LIBRARY = "libc++";
				CLANG_ENABLE_MODULES = YES;
				CLANG_ENABLE_OBJC_ARC = YES;
				CLANG_WARN_BOOL_CONVERSION = YES;
				CLANG_WARN_CONSTANT_CONVERSION = YES;
				CLANG_WARN_DIRECT_OBJC_ISA_USAGE = YES_ERROR;
				CLANG_WARN_DOCUMENTATION_COMMENTS = YES;
				CLANG_WARN_EMPTY_BODY = YES;
				CLANG_WARN_ENUM_CONVERSION = YES;
				CLANG_WARN_INFINITE_RECURSION = YES;
				CLANG_WARN_INT_CONVERSION = YES;
				CLANG_WARN_OBJC_ROOT_CLASS = YES_ERROR;
				CLANG_WARN_SUSPICIOUS_MOVES = YES;
				CLANG_WARN_UNREACHABLE_CODE = YES;
				CLANG_WARN__DUPLICATE_METHOD_MATCH = YES;
				CODE_SIGN_IDENTITY = "-";
				COMBINE_HIDPI_IMAGES = YES;
				COPY_PHASE_STRIP = NO;
				DEBUG_INFORMATION_FORMAT = dwarf;
				ENABLE_STRICT_OBJC_MSGSEND = YES;
				ENABLE_TESTABILITY = YES;
				GCC_C_LANGUAGE_STANDARD = gnu99;
				GCC_DYNAMIC_NO_PIC = NO;
				GCC_NO_COMMON_BLOCKS = YES;
				GCC_OPTIMIZATION_LEVEL = 0;
				GCC_PREPROCESSOR_DEFINITIONS = (
					"DEBUG=1",
					"$(inherited)",
				);
				GCC_WARN_64_TO_32_BIT_CONVERSION = YES;
				GCC_WARN_ABOUT_RETURN_TYPE = YES_ERROR;
				GCC_WARN_UNDECLARED_SELECTOR = YES;
				GCC_WARN_UNINITIALIZED_AUTOS = YES_AGGRESSIVE;
				GCC_WARN_UNUSED_FUNCTION = YES;
				GCC_WARN_UNUSED_VARIABLE = YES;
				INFOPLIST_FILE = JPEGDeuxTests/Info.plist;
				LD_RUNPATH_SEARCH_PATHS = "$(inherited) @executable_path/../Frameworks @loader_path/../Frameworks";
				MACOSX_DEPLOYMENT_TARGET = 10.12;
				MTL_ENABLE_DEBUG_INFO = YES;
				ONLY_ACTIVE_ARCH = YES;
				PRODUCT_BUNDLE_IDENTIFIER = com.approachingpi.JPEGDeuxTests;
				PRODUCT_NAME = "$(TARGET_NAME)";
				SDKROOT = macosx;
				SWIFT_ACTIVE_COMPILATION_CONDITIONS = DEBUG;
				SWIFT_OBJC_BRIDGING_HEADER = "Code/JpegDeux-Bridging-Header.h";
				SWIFT_OPTIMIZATION_LEVEL = "-Onone";
				SWIFT_VERSION = 5.0;
				TEST_HOST = "$(BUILT_PRODUCTS_DIR)/JPEGDeux.app/Contents/MacOS/JPEGDeux";
			};
			name = Development;
		};
		93A2736C1DF77D83000319F3 /* Deployment */ = {
			isa = XCBuildConfiguration;
			buildSettings = {
				ALWAYS_SEARCH_USER_PATHS = NO;
				BUNDLE_LOADER = "$(TEST_HOST)";
				CLANG_ANALYZER_NONNULL = YES;
				CLANG_CXX_LANGUAGE_STANDARD = "gnu++0x";
				CLANG_CXX_LIBRARY = "libc++";
				CLANG_ENABLE_MODULES = YES;
				CLANG_ENABLE_OBJC_ARC = YES;
				CLANG_WARN_BOOL_CONVERSION = YES;
				CLANG_WARN_CONSTANT_CONVERSION = YES;
				CLANG_WARN_DIRECT_OBJC_ISA_USAGE = YES_ERROR;
				CLANG_WARN_DOCUMENTATION_COMMENTS = YES;
				CLANG_WARN_EMPTY_BODY = YES;
				CLANG_WARN_ENUM_CONVERSION = YES;
				CLANG_WARN_INFINITE_RECURSION = YES;
				CLANG_WARN_INT_CONVERSION = YES;
				CLANG_WARN_OBJC_ROOT_CLASS = YES_ERROR;
				CLANG_WARN_SUSPICIOUS_MOVES = YES;
				CLANG_WARN_UNREACHABLE_CODE = YES;
				CLANG_WARN__DUPLICATE_METHOD_MATCH = YES;
				CODE_SIGN_IDENTITY = "-";
				COMBINE_HIDPI_IMAGES = YES;
				COPY_PHASE_STRIP = NO;
				DEBUG_INFORMATION_FORMAT = "dwarf-with-dsym";
				ENABLE_NS_ASSERTIONS = NO;
				ENABLE_STRICT_OBJC_MSGSEND = YES;
				GCC_C_LANGUAGE_STANDARD = gnu99;
				GCC_NO_COMMON_BLOCKS = YES;
				GCC_WARN_64_TO_32_BIT_CONVERSION = YES;
				GCC_WARN_ABOUT_RETURN_TYPE = YES_ERROR;
				GCC_WARN_UNDECLARED_SELECTOR = YES;
				GCC_WARN_UNINITIALIZED_AUTOS = YES_AGGRESSIVE;
				GCC_WARN_UNUSED_FUNCTION = YES;
				GCC_WARN_UNUSED_VARIABLE = YES;
				INFOPLIST_FILE = JPEGDeuxTests/Info.plist;
				LD_RUNPATH_SEARCH_PATHS = "$(inherited) @executable_path/../Frameworks @loader_path/../Frameworks";
				MACOSX_DEPLOYMENT_TARGET = 10.12;
				MTL_ENABLE_DEBUG_INFO = NO;
				PRODUCT_BUNDLE_IDENTIFIER = com.approachingpi.JPEGDeuxTests;
				PRODUCT_NAME = "$(TARGET_NAME)";
				SDKROOT = macosx;
				SWIFT_OBJC_BRIDGING_HEADER = "Code/JpegDeux-Bridging-Header.h";
				SWIFT_OPTIMIZATION_LEVEL = "-Owholemodule";
				SWIFT_VERSION = 5.0;
				TEST_HOST = "$(BUILT_PRODUCTS_DIR)/JPEGDeux.app/Contents/MacOS/JPEGDeux";
			};
			name = Deployment;
		};
		93A2736D1DF77D83000319F3 /* Default */ = {
			isa = XCBuildConfiguration;
			buildSettings = {
				ALWAYS_SEARCH_USER_PATHS = NO;
				BUNDLE_LOADER = "$(TEST_HOST)";
				CLANG_ANALYZER_NONNULL = YES;
				CLANG_CXX_LANGUAGE_STANDARD = "gnu++0x";
				CLANG_CXX_LIBRARY = "libc++";
				CLANG_ENABLE_MODULES = YES;
				CLANG_ENABLE_OBJC_ARC = YES;
				CLANG_WARN_BOOL_CONVERSION = YES;
				CLANG_WARN_CONSTANT_CONVERSION = YES;
				CLANG_WARN_DIRECT_OBJC_ISA_USAGE = YES_ERROR;
				CLANG_WARN_DOCUMENTATION_COMMENTS = YES;
				CLANG_WARN_EMPTY_BODY = YES;
				CLANG_WARN_ENUM_CONVERSION = YES;
				CLANG_WARN_INFINITE_RECURSION = YES;
				CLANG_WARN_INT_CONVERSION = YES;
				CLANG_WARN_OBJC_ROOT_CLASS = YES_ERROR;
				CLANG_WARN_SUSPICIOUS_MOVES = YES;
				CLANG_WARN_UNREACHABLE_CODE = YES;
				CLANG_WARN__DUPLICATE_METHOD_MATCH = YES;
				CODE_SIGN_IDENTITY = "-";
				COMBINE_HIDPI_IMAGES = YES;
				COPY_PHASE_STRIP = NO;
				DEBUG_INFORMATION_FORMAT = "dwarf-with-dsym";
				ENABLE_NS_ASSERTIONS = NO;
				ENABLE_STRICT_OBJC_MSGSEND = YES;
				GCC_C_LANGUAGE_STANDARD = gnu99;
				GCC_NO_COMMON_BLOCKS = YES;
				GCC_WARN_64_TO_32_BIT_CONVERSION = YES;
				GCC_WARN_ABOUT_RETURN_TYPE = YES_ERROR;
				GCC_WARN_UNDECLARED_SELECTOR = YES;
				GCC_WARN_UNINITIALIZED_AUTOS = YES_AGGRESSIVE;
				GCC_WARN_UNUSED_FUNCTION = YES;
				GCC_WARN_UNUSED_VARIABLE = YES;
				INFOPLIST_FILE = JPEGDeuxTests/Info.plist;
				LD_RUNPATH_SEARCH_PATHS = "$(inherited) @executable_path/../Frameworks @loader_path/../Frameworks";
				MACOSX_DEPLOYMENT_TARGET = 10.12;
				MTL_ENABLE_DEBUG_INFO = NO;
				PRODUCT_BUNDLE_IDENTIFIER = com.approachingpi.JPEGDeuxTests;
				PRODUCT_NAME = "$(TARGET_NAME)";
				SDKROOT = macosx;
				SWIFT_OBJC_BRIDGING_HEADER = "Code/JpegDeux-Bridging-Header.h";
				SWIFT_OPTIMIZATION_LEVEL = "-Owholemodule";
				SWIFT_VERSION = 5.0;
				TEST_HOST = "$(BUILT_PRODUCTS_DIR)/JPEGDeux.app/Contents/MacOS/JPEGDeux";
			};
			name = Default;
		};
		93E45F2614638A3000C5C55B /* Development */ = {
			isa = XCBuildConfiguration;
			buildSettings = {
				ALWAYS_SEARCH_USER_PATHS = NO;
				COMBINE_HIDPI_IMAGES = YES;
				COPY_PHASE_STRIP = NO;
				GCC_C_LANGUAGE_STANDARD = gnu99;
				GCC_DYNAMIC_NO_PIC = NO;
				GCC_ENABLE_OBJC_EXCEPTIONS = YES;
				GCC_OPTIMIZATION_LEVEL = 0;
				GCC_PRECOMPILE_PREFIX_HEADER = YES;
				GCC_PREFIX_HEADER = "JPEGDeux/JPEGDeux-Prefix.pch";
				GCC_PREPROCESSOR_DEFINITIONS = (
					"DEBUG=1",
					"$(inherited)",
				);
				GCC_SYMBOLS_PRIVATE_EXTERN = NO;
				GCC_VERSION = "";
				GCC_WARN_64_TO_32_BIT_CONVERSION = YES;
				GCC_WARN_ABOUT_MISSING_PROTOTYPES = YES;
				GCC_WARN_ABOUT_RETURN_TYPE = YES;
				GCC_WARN_UNUSED_VARIABLE = YES;
				INFOPLIST_FILE = "JPEGDeux/JPEGDeux-Info.plist";
				MACOSX_DEPLOYMENT_TARGET = 10.7;
				ONLY_ACTIVE_ARCH = YES;
				PRODUCT_BUNDLE_IDENTIFIER = "com.wirelust.${PRODUCT_NAME:rfc1034identifier}";
				PRODUCT_NAME = "$(TARGET_NAME)";
				SDKROOT = macosx;
				WRAPPER_EXTENSION = app;
			};
			name = Development;
		};
		93E45F2714638A3000C5C55B /* Deployment */ = {
			isa = XCBuildConfiguration;
			buildSettings = {
				ALWAYS_SEARCH_USER_PATHS = NO;
				COMBINE_HIDPI_IMAGES = YES;
				COPY_PHASE_STRIP = YES;
				DEBUG_INFORMATION_FORMAT = "dwarf-with-dsym";
				GCC_C_LANGUAGE_STANDARD = gnu99;
				GCC_ENABLE_OBJC_EXCEPTIONS = YES;
				GCC_PRECOMPILE_PREFIX_HEADER = YES;
				GCC_PREFIX_HEADER = "JPEGDeux/JPEGDeux-Prefix.pch";
				GCC_VERSION = "";
				GCC_WARN_64_TO_32_BIT_CONVERSION = YES;
				GCC_WARN_ABOUT_MISSING_PROTOTYPES = YES;
				GCC_WARN_ABOUT_RETURN_TYPE = YES;
				GCC_WARN_UNUSED_VARIABLE = YES;
				INFOPLIST_FILE = "JPEGDeux/JPEGDeux-Info.plist";
				MACOSX_DEPLOYMENT_TARGET = 10.7;
				PRODUCT_BUNDLE_IDENTIFIER = "com.wirelust.${PRODUCT_NAME:rfc1034identifier}";
				PRODUCT_NAME = "$(TARGET_NAME)";
				SDKROOT = macosx;
				WRAPPER_EXTENSION = app;
			};
			name = Deployment;
		};
		93E45F2814638A3000C5C55B /* Default */ = {
			isa = XCBuildConfiguration;
			buildSettings = {
				ALWAYS_SEARCH_USER_PATHS = NO;
				COMBINE_HIDPI_IMAGES = YES;
				COPY_PHASE_STRIP = YES;
				DEBUG_INFORMATION_FORMAT = "dwarf-with-dsym";
				GCC_C_LANGUAGE_STANDARD = gnu99;
				GCC_ENABLE_OBJC_EXCEPTIONS = YES;
				GCC_PRECOMPILE_PREFIX_HEADER = YES;
				GCC_PREFIX_HEADER = "JPEGDeux/JPEGDeux-Prefix.pch";
				GCC_VERSION = "";
				GCC_WARN_64_TO_32_BIT_CONVERSION = YES;
				GCC_WARN_ABOUT_MISSING_PROTOTYPES = YES;
				GCC_WARN_ABOUT_RETURN_TYPE = YES;
				GCC_WARN_UNUSED_VARIABLE = YES;
				INFOPLIST_FILE = "JPEGDeux/JPEGDeux-Info.plist";
				MACOSX_DEPLOYMENT_TARGET = 10.7;
				PRODUCT_BUNDLE_IDENTIFIER = "com.wirelust.${PRODUCT_NAME:rfc1034identifier}";
				PRODUCT_NAME = "$(TARGET_NAME)";
				SDKROOT = macosx;
				WRAPPER_EXTENSION = app;
			};
			name = Default;
		};
/* End XCBuildConfiguration section */

/* Begin XCConfigurationList section */
		0A052D32085C74660037FF42 /* Build configuration list for PBXProject "JPEGDeux" */ = {
			isa = XCConfigurationList;
			buildConfigurations = (
				0A052D33085C74660037FF42 /* Development */,
				0A052D34085C74660037FF42 /* Deployment */,
				0A052D35085C74660037FF42 /* Default */,
			);
			defaultConfigurationIsVisible = 0;
			defaultConfigurationName = Default;
		};
		93A2736A1DF77D83000319F3 /* Build configuration list for PBXNativeTarget "JPEGDeuxTests" */ = {
			isa = XCConfigurationList;
			buildConfigurations = (
				93A2736B1DF77D83000319F3 /* Development */,
				93A2736C1DF77D83000319F3 /* Deployment */,
				93A2736D1DF77D83000319F3 /* Default */,
			);
			defaultConfigurationIsVisible = 0;
			defaultConfigurationName = Default;
		};
		93E45F2514638A3000C5C55B /* Build configuration list for PBXNativeTarget "JPEGDeux" */ = {
			isa = XCConfigurationList;
			buildConfigurations = (
				93E45F2614638A3000C5C55B /* Development */,
				93E45F2714638A3000C5C55B /* Deployment */,
				93E45F2814638A3000C5C55B /* Default */,
			);
			defaultConfigurationIsVisible = 0;
			defaultConfigurationName = Default;
		};
/* End XCConfigurationList section */
	};
	rootObject = 29B97313FDCFA39411CA2CEA /* Project object */;
}
